<?xml version="1.0" encoding="utf-8"?>
<Project ToolsVersion="4.0" xmlns="http://schemas.microsoft.com/developer/msbuild/2003">
  <ItemGroup>
    <Filter Include="Source Files">
      <UniqueIdentifier>{9b179e16-2463-4d1b-bddc-63f8ea5df35d}</UniqueIdentifier>
      <Extensions>cpp;c;cxx;rc;def;r;odl;idl;hpj;bat</Extensions>
    </Filter>
    <Filter Include="Header Files">
      <UniqueIdentifier>{4bbccd15-f1a2-425a-aa72-95b202e3c4ea}</UniqueIdentifier>
      <Extensions>h;hpp;hxx;hm;inl</Extensions>
    </Filter>
    <Filter Include="Resource Files">
      <UniqueIdentifier>{2ece2b8e-f631-4804-97cf-49995e99fe83}</UniqueIdentifier>
      <Extensions>ico;cur;bmp;dlg;rc2;rct;bin;cnt;rtf;gif;jpg;jpeg;jpe</Extensions>
    </Filter>
  </ItemGroup>
  <ItemGroup>
    <ClCompile Include="records.cpp">
      <Filter>Source Files</Filter>
    </ClCompile>
    <ClCompile Include="SCOS-2000.cpp">
      <Filter>Source Files</Filter>
    </ClCompile>
    <ClCompile Include="dialogs.cpp">
      <Filter>Source Files</Filter>
    </ClCompile>
    <ClCompile Include="TDSTime.cpp">
      <Filter>Source Files</Filter>
    </ClCompile>
    <ClCompile Include="VALue.cpp">
      <Filter>Source Files</Filter>
    </ClCompile>
  </ItemGroup>
  <ItemGroup>
    <None Include="SCOS-2000.def">
      <Filter>Source Files</Filter>
    </None>
    <None Include="res\derivationcode.txt">
      <Filter>Resource Files</Filter>
    </None>
    <None Include="res\derivationinitializationcode.txt">
      <Filter>Resource Files</Filter>
    </None>
    <None Include="res\derivationprocedurescode.txt">
      <Filter>Resource Files</Filter>
    </None>
    <None Include="SCOS-2000.rh">
      <Filter>Header Files</Filter>
    </None>
  </ItemGroup>
  <ItemGroup>
    <ClInclude Include="records.h">
      <Filter>Header Files</Filter>
    </ClInclude>
    <ClInclude Include="resource.h">
      <Filter>Header Files</Filter>
    </ClInclude>
    <ClInclude Include="SCOS-2000.h">
      <Filter>Header Files</Filter>
    </ClInclude>
    <ClInclude Include="dialogs.h">
      <Filter>Header Files</Filter>
    </ClInclude>
    <ClInclude Include="TDSTime.h">
      <Filter>Header Files</Filter>
    </ClInclude>
    <ClInclude Include="VALue.h">
      <Filter>Header Files</Filter>
    </ClInclude>
  </ItemGroup>
  <ItemGroup>
    <ResourceCompile Include="SCOS-2000.rc">
      <Filter>Source Files</Filter>
    </ResourceCompile>
  </ItemGroup>
</Project>