<?xml version="1.0" encoding="utf-8"?>
<Project ToolsVersion="4.0" xmlns="http://schemas.microsoft.com/developer/msbuild/2003">
  <ItemGroup>
    <Filter Include="Source Files">
      <UniqueIdentifier>{b07005ea-b323-41a0-85fa-79c7b78a2ab6}</UniqueIdentifier>
      <Extensions>cpp;c;cxx;rc;def;r;odl;hpj;bat;for;f90</Extensions>
    </Filter>
    <Filter Include="Header Files">
      <UniqueIdentifier>{23a5312f-1fea-42f4-8b58-1cd6e5d2c2ff}</UniqueIdentifier>
      <Extensions>h;hpp;hxx;hm;inl;fi;fd</Extensions>
    </Filter>
    <Filter Include="Resource Files">
      <UniqueIdentifier>{f592ae25-13db-429c-b9bf-7845a2f01b7a}</UniqueIdentifier>
      <Extensions>ico;cur;bmp;dlg;rc2;rct;bin;cnt;rtf;gif;jpg;jpeg;jpe</Extensions>
    </Filter>
    <Filter Include="HTML Help Files">
      <UniqueIdentifier>{8f76a7ff-756f-4d85-8b0d-4a0cb6a93b6f}</UniqueIdentifier>
      <Extensions>hhp;hhc;hhk</Extensions>
    </Filter>
    <Filter Include="HTML Help Files\Images">
      <UniqueIdentifier>{0529ebf9-1292-4e07-8f9e-62a5419593c0}</UniqueIdentifier>
      <Extensions>bmp;gif;jpg;jpeg;png</Extensions>
    </Filter>
    <Filter Include="HTML Help Files\Templates">
      <UniqueIdentifier>{65ce495e-5069-4c2b-a4d4-1298c236c1f6}</UniqueIdentifier>
      <Extensions>htm;html</Extensions>
    </Filter>
    <Filter Include="HTML Help Files\Resources">
      <UniqueIdentifier>{76210618-65c0-4113-8c3f-c4a74c2406c0}</UniqueIdentifier>
      <Extensions>css;js</Extensions>
    </Filter>
    <Filter Include="HTML Help Topics">
      <UniqueIdentifier>{7fc03c64-ceb9-4be6-b303-4a9f37328e7b}</UniqueIdentifier>
      <Extensions>htm;html</Extensions>
    </Filter>
  </ItemGroup>
  <ItemGroup>
    <ClCompile Include="and.cpp">
      <Filter>Source Files</Filter>
    </ClCompile>
    <ClCompile Include="cpu.cpp">
      <Filter>Source Files</Filter>
    </ClCompile>
    <ClCompile Include="dialogs.cpp">
      <Filter>Source Files</Filter>
    </ClCompile>
    <ClCompile Include="displays.cpp">
      <Filter>Source Files</Filter>
    </ClCompile>
    <ClCompile Include="eventbox.cpp">
      <Filter>Source Files</Filter>
    </ClCompile>
    <ClCompile Include="grd.cpp">
      <Filter>Source Files</Filter>
    </ClCompile>
    <ClCompile Include="hex.cpp">
      <Filter>Source Files</Filter>
    </ClCompile>
    <ClCompile Include="jcode.cpp">
      <Filter>Source Files</Filter>
    </ClCompile>
    <ClCompile Include="logo.cpp">
      <Filter>Source Files</Filter>
    </ClCompile>
    <ClCompile Include="mmd.cpp">
      <Filter>Source Files</Filter>
    </ClCompile>
    <ClCompile Include="ool.cpp">
      <Filter>Source Files</Filter>
    </ClCompile>
    <ClCompile Include="pod.cpp">
      <Filter>Source Files</Filter>
    </ClCompile>
    <ClCompile Include="profile.cpp">
      <Filter>Source Files</Filter>
    </ClCompile>
    <ClCompile Include="SatView.cpp">
      <Filter>Source Files</Filter>
    </ClCompile>
    <ClCompile Include="tc.cpp">
      <Filter>Source Files</Filter>
    </ClCompile>
    <ClCompile Include="tcdiagnostics.cpp">
      <Filter>Source Files</Filter>
    </ClCompile>
    <ClCompile Include="tchistory.cpp">
      <Filter>Source Files</Filter>
    </ClCompile>
    <ClCompile Include="tcmonitor.cpp">
      <Filter>Source Files</Filter>
    </ClCompile>
    <ClCompile Include="tconboard.cpp">
      <Filter>Source Files</Filter>
    </ClCompile>
    <ClCompile Include="tcstacks.cpp">
      <Filter>Source Files</Filter>
    </ClCompile>
    <ClCompile Include="tm.cpp">
      <Filter>Source Files</Filter>
    </ClCompile>
    <ClCompile Include="tpep.cpp">
      <Filter>Source Files</Filter>
    </ClCompile>
    <ClCompile Include="satellitetracking.cpp">
      <Filter>Source Files</Filter>
    </ClCompile>
  </ItemGroup>
  <ItemGroup>
    <ResourceCompile Include="SatView.rc">
      <Filter>Source Files</Filter>
    </ResourceCompile>
  </ItemGroup>
  <ItemGroup>
    <ClInclude Include="and.h">
      <Filter>Header Files</Filter>
    </ClInclude>
    <ClInclude Include="cpu.h">
      <Filter>Header Files</Filter>
    </ClInclude>
    <ClInclude Include="dialogs.h">
      <Filter>Header Files</Filter>
    </ClInclude>
    <ClInclude Include="displays.h">
      <Filter>Header Files</Filter>
    </ClInclude>
    <ClInclude Include="eventbox.h">
      <Filter>Header Files</Filter>
    </ClInclude>
    <ClInclude Include="grd.h">
      <Filter>Header Files</Filter>
    </ClInclude>
    <ClInclude Include="hex.h">
      <Filter>Header Files</Filter>
    </ClInclude>
    <ClInclude Include="jcode.h">
      <Filter>Header Files</Filter>
    </ClInclude>
    <ClInclude Include="logo.h">
      <Filter>Header Files</Filter>
    </ClInclude>
    <ClInclude Include="mmd.h">
      <Filter>Header Files</Filter>
    </ClInclude>
    <ClInclude Include="ool.h">
      <Filter>Header Files</Filter>
    </ClInclude>
    <ClInclude Include="pod.h">
      <Filter>Header Files</Filter>
    </ClInclude>
    <ClInclude Include="profile.h">
      <Filter>Header Files</Filter>
    </ClInclude>
    <ClInclude Include="resource.h">
      <Filter>Header Files</Filter>
    </ClInclude>
    <ClInclude Include="SatView.h">
      <Filter>Header Files</Filter>
    </ClInclude>
    <ClInclude Include="tc.h">
      <Filter>Header Files</Filter>
    </ClInclude>
    <ClInclude Include="tcdiagnostics.h">
      <Filter>Header Files</Filter>
    </ClInclude>
    <ClInclude Include="tchistory.h">
      <Filter>Header Files</Filter>
    </ClInclude>
    <ClInclude Include="tcmonitor.h">
      <Filter>Header Files</Filter>
    </ClInclude>
    <ClInclude Include="tconboard.h">
      <Filter>Header Files</Filter>
    </ClInclude>
    <ClInclude Include="tcstacks.h">
      <Filter>Header Files</Filter>
    </ClInclude>
    <ClInclude Include="tm.h">
      <Filter>Header Files</Filter>
    </ClInclude>
    <ClInclude Include="tpep.h">
      <Filter>Header Files</Filter>
    </ClInclude>
    <ClInclude Include="satellitetracking.h">
      <Filter>Header Files</Filter>
    </ClInclude>
  </ItemGroup>
  <ItemGroup>
    <None Include="res\and.bmp">
      <Filter>Resource Files</Filter>
    </None>
    <None Include="res\grd.bmp">
      <Filter>Resource Files</Filter>
    </None>
    <None Include="res\hex.bmp">
      <Filter>Resource Files</Filter>
    </None>
    <None Include="res\ool.bmp">
      <Filter>Resource Files</Filter>
    </None>
    <None Include="res\mmd.bmp">
      <Filter>Resource Files</Filter>
    </None>
    <None Include="res\pod.bmp">
      <Filter>Resource Files</Filter>
    </None>
    <None Include="res\eventbox.bmp">
      <Filter>Resource Files</Filter>
    </None>
    <None Include="res\tpep.bmp">
      <Filter>Resource Files</Filter>
    </None>
    <None Include="res\tcmanualstack.bmp">
      <Filter>Resource Files</Filter>
    </None>
    <None Include="res\tcautomaticstack.bmp">
      <Filter>Resource Files</Filter>
    </None>
    <None Include="res\tcproceduresmonitor.bmp">
      <Filter>Resource Files</Filter>
    </None>
    <None Include="res\tcoversamplingdump.bmp">
      <Filter>Resource Files</Filter>
    </None>
    <None Include="res\tcbufferqueues.bmp">
      <Filter>Resource Files</Filter>
    </None>
    <None Include="res\tcmemoryimages.bmp">
      <Filter>Resource Files</Filter>
    </None>
    <None Include="res\tcmemoryimagesmenu.bmp">
      <Filter>Resource Files</Filter>
    </None>
    <None Include="res\tchistory.bmp">
      <Filter>Resource Files</Filter>
    </None>
    <None Include="res\menu.bmp">
      <Filter>Resource Files</Filter>
    </None>
    <None Include="res\logo.bmp">
      <Filter>Resource Files</Filter>
    </None>
    <None Include="res\SatView.ico">
      <Filter>Resource Files</Filter>
    </None>
    <None Include="res\and.ico">
      <Filter>Resource Files</Filter>
    </None>
    <None Include="res\grd.ico">
      <Filter>Resource Files</Filter>
    </None>
    <None Include="res\hex.ico">
      <Filter>Resource Files</Filter>
    </None>
    <None Include="res\ool.ico">
      <Filter>Resource Files</Filter>
    </None>
    <None Include="res\mmd.ico">
      <Filter>Resource Files</Filter>
    </None>
    <None Include="res\pod.ico">
      <Filter>Resource Files</Filter>
    </None>
    <None Include="res\eventbox.ico">
      <Filter>Resource Files</Filter>
    </None>
    <None Include="res\tpep.ico">
      <Filter>Resource Files</Filter>
    </None>
    <None Include="res\tcmanualstack.ico">
      <Filter>Resource Files</Filter>
    </None>
    <None Include="res\tcautomaticstack.ico">
      <Filter>Resource Files</Filter>
    </None>
    <None Include="res\tcproceduresmonitor.ico">
      <Filter>Resource Files</Filter>
    </None>
    <None Include="res\tcoversamplingdump.ico">
      <Filter>Resource Files</Filter>
    </None>
    <None Include="res\tcbufferqueues.ico">
      <Filter>Resource Files</Filter>
    </None>
    <None Include="res\tcmemoryimages.ico">
      <Filter>Resource Files</Filter>
    </None>
    <None Include="res\tchistory.ico">
      <Filter>Resource Files</Filter>
    </None>
    <None Include="res\welcome.ico">
      <Filter>Resource Files</Filter>
    </None>
    <None Include="res\alert.ico">
      <Filter>Resource Files</Filter>
    </None>
    <None Include="res\alertbox.ico">
      <Filter>Resource Files</Filter>
    </None>
    <None Include="res\about.ico">
      <Filter>Resource Files</Filter>
    </None>
    <None Include="res\permissions.ico">
      <Filter>Resource Files</Filter>
    </None>
    <None Include="res\previous.ico">
      <Filter>Resource Files</Filter>
    </None>
    <None Include="res\next.ico">
      <Filter>Resource Files</Filter>
    </None>
    <None Include="res\undo.ico">
      <Filter>Resource Files</Filter>
    </None>
    <None Include="res\redo.ico">
      <Filter>Resource Files</Filter>
    </None>
    <None Include="res\and (small).bmp">
      <Filter>Resource Files</Filter>
    </None>
    <None Include="res\and (disabled).bmp">
      <Filter>Resource Files</Filter>
    </None>
    <None Include="res\eventbox (disabled).bmp">
      <Filter>Resource Files</Filter>
    </None>
    <None Include="res\and (big).bmp">
      <Filter>Resource Files</Filter>
    </None>
    <None Include="res\eventbox (big).bmp">
      <Filter>Resource Files</Filter>
    </None>
    <None Include="res\and (big - disabled).bmp">
      <Filter>Resource Files</Filter>
    </None>
    <None Include="res\eventbox (big - disabled).bmp">
      <Filter>Resource Files</Filter>
    </None>
    <None Include="res\grd (disabled).bmp">
      <Filter>Resource Files</Filter>
    </None>
    <None Include="res\grd (big).bmp">
      <Filter>Resource Files</Filter>
    </None>
    <None Include="res\grd (big - disabled).bmp">
      <Filter>Resource Files</Filter>
    </None>
    <None Include="res\hex (disabled).bmp">
      <Filter>Resource Files</Filter>
    </None>
    <None Include="res\hex (big).bmp">
      <Filter>Resource Files</Filter>
    </None>
    <None Include="res\hex (big - disabled).bmp">
      <Filter>Resource Files</Filter>
    </None>
    <None Include="res\mmd (disabled).bmp">
      <Filter>Resource Files</Filter>
    </None>
    <None Include="res\mmd (big).bmp">
      <Filter>Resource Files</Filter>
    </None>
    <None Include="res\mmd (big - disabled).bmp">
      <Filter>Resource Files</Filter>
    </None>
    <None Include="res\ool (disabled).bmp">
      <Filter>Resource Files</Filter>
    </None>
    <None Include="res\ool (big).bmp">
      <Filter>Resource Files</Filter>
    </None>
    <None Include="res\ool (big - disabled).bmp">
      <Filter>Resource Files</Filter>
    </None>
    <None Include="res\pod (disabled).bmp">
      <Filter>Resource Files</Filter>
    </None>
    <None Include="res\pod (big).bmp">
      <Filter>Resource Files</Filter>
    </None>
    <None Include="res\pod (big - disabled).bmp">
      <Filter>Resource Files</Filter>
    </None>
    <None Include="res\tchistory (disabled).bmp">
      <Filter>Resource Files</Filter>
    </None>
    <None Include="res\tchistory (big).bmp">
      <Filter>Resource Files</Filter>
    </None>
    <None Include="res\tchistory (big - disabled).bmp">
      <Filter>Resource Files</Filter>
    </None>
    <None Include="res\tpep (disabled).bmp">
      <Filter>Resource Files</Filter>
    </None>
    <None Include="res\tpep (big).bmp">
      <Filter>Resource Files</Filter>
    </None>
    <None Include="res\tpep (big - disabled).bmp">
      <Filter>Resource Files</Filter>
    </None>
    <None Include="res\tcproceduresmonitor (disabled).bmp">
      <Filter>Resource Files</Filter>
    </None>
    <None Include="res\tcproceduresmonitor (big).bmp">
      <Filter>Resource Files</Filter>
    </None>
    <None Include="res\tcproceduresmonitor (big - disabled).bmp">
      <Filter>Resource Files</Filter>
    </None>
    <None Include="res\tcoversamplingdump (disabled).bmp">
      <Filter>Resource Files</Filter>
    </None>
    <None Include="res\tcoversamplingdump (big).bmp">
      <Filter>Resource Files</Filter>
    </None>
    <None Include="res\tcoversamplingdump (big - disabled).bmp">
      <Filter>Resource Files</Filter>
    </None>
    <None Include="res\tcmemoryimages (disabled).bmp">
      <Filter>Resource Files</Filter>
    </None>
    <None Include="res\tcmemoryimages (big).bmp">
      <Filter>Resource Files</Filter>
    </None>
    <None Include="res\tcmemoryimages (big - disabled).bmp">
      <Filter>Resource Files</Filter>
    </None>
    <None Include="res\tcbufferqueues (disabled).bmp">
      <Filter>Resource Files</Filter>
    </None>
    <None Include="res\tcbufferqueues (big).bmp">
      <Filter>Resource Files</Filter>
    </None>
    <None Include="res\tcbufferqueues (big - disabled).bmp">
      <Filter>Resource Files</Filter>
    </None>
    <None Include="res\tcmanualstack (disabled).bmp">
      <Filter>Resource Files</Filter>
    </None>
    <None Include="res\tcautomaticstack (disabled).bmp">
      <Filter>Resource Files</Filter>
    </None>
    <None Include="res\tcmanualstackproperties (big).bmp">
      <Filter>Resource Files</Filter>
    </None>
    <None Include="res\tcmanualstackoperations (big).bmp">
      <Filter>Resource Files</Filter>
    </None>
    <None Include="res\tcautomaticstackproperties (big).bmp">
      <Filter>Resource Files</Filter>
    </None>
    <None Include="res\tcautomaticstackoperations (big).bmp">
      <Filter>Resource Files</Filter>
    </None>
    <None Include="res\tcmanualstackproperties (big - disabled).bmp">
      <Filter>Resource Files</Filter>
    </None>
    <None Include="res\tcmanualstackoperations (big - disabled).bmp">
      <Filter>Resource Files</Filter>
    </None>
    <None Include="res\tcautomaticstackproperties (big - disabled).bmp">
      <Filter>Resource Files</Filter>
    </None>
    <None Include="res\tcautomaticstackoperations (big - disabled).bmp">
      <Filter>Resource Files</Filter>
    </None>
    <None Include="res\system.bmp">
      <Filter>Resource Files</Filter>
    </None>
    <None Include="res\system (disabled).bmp">
      <Filter>Resource Files</Filter>
    </None>
    <None Include="res\telemetry displays.bmp">
      <Filter>Resource Files</Filter>
    </None>
    <None Include="res\telecommand displays.bmp">
      <Filter>Resource Files</Filter>
    </None>
    <None Include="res\telemetry displays (disabled).bmp">
      <Filter>Resource Files</Filter>
    </None>
    <None Include="res\telecommand displays (disabled).bmp">
      <Filter>Resource Files</Filter>
    </None>
    <None Include="res\telemetry.bmp">
      <Filter>Resource Files</Filter>
    </None>
    <None Include="res\telecommand.bmp">
      <Filter>Resource Files</Filter>
    </None>
    <None Include="res\telemetry (disabled).bmp">
      <Filter>Resource Files</Filter>
    </None>
    <None Include="res\telecommand (disabled).bmp">
      <Filter>Resource Files</Filter>
    </None>
    <None Include="res\paper (portrait).bmp">
      <Filter>Resource Files</Filter>
    </None>
    <None Include="res\paper (landscape).bmp">
      <Filter>Resource Files</Filter>
    </None>
    <None Include="res\handcursor (blue).cur">
      <Filter>Resource Files</Filter>
    </None>
    <None Include="res\handcursor (red).cur">
      <Filter>Resource Files</Filter>
    </None>
    <None Include="res\tools.bmp">
      <Filter>Resource Files</Filter>
    </None>
    <None Include="res\tools (disabled).bmp">
      <Filter>Resource Files</Filter>
    </None>
    <None Include="res\about.bmp">
      <Filter>Resource Files</Filter>
    </None>
    <None Include="res\alert.bmp">
      <Filter>Resource Files</Filter>
    </None>
    <None Include="res\menuimages (big).bmp">
      <Filter>Resource Files</Filter>
    </None>
    <None Include="res\menuimages (small).bmp">
      <Filter>Resource Files</Filter>
    </None>
    <None Include="res\menutabimages (big).bmp">
      <Filter>Resource Files</Filter>
    </None>
    <None Include="res\menutabimages (small).bmp">
      <Filter>Resource Files</Filter>
    </None>
    <None Include="res\help.bmp">
      <Filter>Resource Files</Filter>
    </None>
    <None Include="res\menuimages (large).bmp">
      <Filter>Resource Files</Filter>
    </None>
    <None Include="res\menutabimages (large).bmp">
      <Filter>Resource Files</Filter>
    </None>
    <None Include="res\systemtabimages (large).bmp">
      <Filter>Resource Files</Filter>
    </None>
    <None Include="res\systemtabimages (small).bmp">
      <Filter>Resource Files</Filter>
    </None>
    <None Include="res\telemetrytabimages (large).bmp">
      <Filter>Resource Files</Filter>
    </None>
    <None Include="res\telemetrytabimages (small).bmp">
      <Filter>Resource Files</Filter>
    </None>
    <None Include="res\displaystabimages (large).bmp">
      <Filter>Resource Files</Filter>
    </None>
    <None Include="res\displaystabimages (small).bmp">
      <Filter>Resource Files</Filter>
    </None>
    <None Include="res\telecommandtabimages (large).bmp">
      <Filter>Resource Files</Filter>
    </None>
    <None Include="res\telecommandtabimages (small).bmp">
      <Filter>Resource Files</Filter>
    </None>
    <None Include="res\communicationtabimages (large).bmp">
      <Filter>Resource Files</Filter>
    </None>
    <None Include="res\communicationtabimages (small).bmp">
      <Filter>Resource Files</Filter>
    </None>
    <None Include="res\toolstabimages (large).bmp">
      <Filter>Resource Files</Filter>
    </None>
    <None Include="res\toolstabimages (small).bmp">
      <Filter>Resource Files</Filter>
    </None>
    <None Include="res\and (large).bmp">
      <Filter>Resource Files</Filter>
    </None>
    <None Include="res\grd (large).bmp">
      <Filter>Resource Files</Filter>
    </None>
    <None Include="res\grd (small).bmp">
      <Filter>Resource Files</Filter>
    </None>
    <None Include="res\hex (large).bmp">
      <Filter>Resource Files</Filter>
    </None>
    <None Include="res\hex (small).bmp">
      <Filter>Resource Files</Filter>
    </None>
    <None Include="res\mmd (large).bmp">
      <Filter>Resource Files</Filter>
    </None>
    <None Include="res\mmd (small).bmp">
      <Filter>Resource Files</Filter>
    </None>
    <None Include="res\ool (large).bmp">
      <Filter>Resource Files</Filter>
    </None>
    <None Include="res\ool (small).bmp">
      <Filter>Resource Files</Filter>
    </None>
    <None Include="res\pod (large).bmp">
      <Filter>Resource Files</Filter>
    </None>
    <None Include="res\pod (small).bmp">
      <Filter>Resource Files</Filter>
    </None>
    <None Include="res\eventbox (large).bmp">
      <Filter>Resource Files</Filter>
    </None>
    <None Include="res\eventbox (small).bmp">
      <Filter>Resource Files</Filter>
    </None>
    <None Include="res\tpep (large).bmp">
      <Filter>Resource Files</Filter>
    </None>
    <None Include="res\tpep (small).bmp">
      <Filter>Resource Files</Filter>
    </None>
    <None Include="res\tcmanualstack (large).bmp">
      <Filter>Resource Files</Filter>
    </None>
    <None Include="res\tcmanualstack (small).bmp">
      <Filter>Resource Files</Filter>
    </None>
    <None Include="res\tcautomaticstack (large).bmp">
      <Filter>Resource Files</Filter>
    </None>
    <None Include="res\tcautomaticstack (small).bmp">
      <Filter>Resource Files</Filter>
    </None>
    <None Include="res\tcproceduresmonitor (large).bmp">
      <Filter>Resource Files</Filter>
    </None>
    <None Include="res\tcproceduresmonitor (small).bmp">
      <Filter>Resource Files</Filter>
    </None>
    <None Include="res\tcoversamplingdump (large).bmp">
      <Filter>Resource Files</Filter>
    </None>
    <None Include="res\tcoversamplingdump (small).bmp">
      <Filter>Resource Files</Filter>
    </None>
    <None Include="res\tcbufferqueues (large).bmp">
      <Filter>Resource Files</Filter>
    </None>
    <None Include="res\tcbufferqueues (small).bmp">
      <Filter>Resource Files</Filter>
    </None>
    <None Include="res\tcmemoryimages (large).bmp">
      <Filter>Resource Files</Filter>
    </None>
    <None Include="res\tcmemoryimages (small).bmp">
      <Filter>Resource Files</Filter>
    </None>
    <None Include="res\tchistory (large).bmp">
      <Filter>Resource Files</Filter>
    </None>
    <None Include="res\tchistory (small).bmp">
      <Filter>Resource Files</Filter>
    </None>
    <None Include="res\mailbox.ico">
      <Filter>Resource Files</Filter>
    </None>
    <None Include="res\logbook.ico">
      <Filter>Resource Files</Filter>
    </None>
    <None Include="res\tcmanualstack (properties-large).bmp">
      <Filter>Resource Files</Filter>
    </None>
    <None Include="res\tcmanualstack (properties-small).bmp">
      <Filter>Resource Files</Filter>
    </None>
    <None Include="res\tcmanualstack (operations-large).bmp">
      <Filter>Resource Files</Filter>
    </None>
    <None Include="res\tcmanualstack (operations-small).bmp">
      <Filter>Resource Files</Filter>
    </None>
    <None Include="res\tcautomaticstack (properties-large).bmp">
      <Filter>Resource Files</Filter>
    </None>
    <None Include="res\tcautomaticstack (properties-small).bmp">
      <Filter>Resource Files</Filter>
    </None>
    <None Include="res\tcautomaticstack (operations-large).bmp">
      <Filter>Resource Files</Filter>
    </None>
    <None Include="res\tcautomaticstack (operations-small).bmp">
      <Filter>Resource Files</Filter>
    </None>
    <None Include="res\tcmemoryimages (properties-large).bmp">
      <Filter>Resource Files</Filter>
    </None>
    <None Include="res\tcmemoryimages (properties-small).bmp">
      <Filter>Resource Files</Filter>
    </None>
    <None Include="res\tcmemoryimages (operations-large).bmp">
      <Filter>Resource Files</Filter>
    </None>
    <None Include="res\tcmemoryimages (operations-small).bmp">
      <Filter>Resource Files</Filter>
    </None>
    <None Include="res\directory (small).bmp">
      <Filter>Resource Files</Filter>
    </None>
    <None Include="res\tchistory (extra).bmp">
      <Filter>Resource Files</Filter>
    </None>
    <None Include="res\tcmanualstack (extra).bmp">
      <Filter>Resource Files</Filter>
    </None>
    <None Include="res\tcautomaticstack (extra).bmp">
      <Filter>Resource Files</Filter>
    </None>
    <None Include="res\tcmemoryimages (extra).bmp">
      <Filter>Resource Files</Filter>
    </None>
    <None Include="res\floatingmenuimages (small).bmp">
      <Filter>Resource Files</Filter>
    </None>
    <None Include="res\satellitetrackingtool.ico">
      <Filter>Resource Files</Filter>
    </None>
    <None Include="res\cpu chart (frame-small).png">
      <Filter>Resource Files</Filter>
    </None>
    <None Include="res\disk (0%-small).png">
      <Filter>Resource Files</Filter>
    </None>
    <None Include="res\disk (10%-small).png">
      <Filter>Resource Files</Filter>
    </None>
    <None Include="res\disk (20%-small).png">
      <Filter>Resource Files</Filter>
    </None>
    <None Include="res\disk (30%-small).png">
      <Filter>Resource Files</Filter>
    </None>
    <None Include="res\disk (40%-small).png">
      <Filter>Resource Files</Filter>
    </None>
    <None Include="res\disk (50%-small).png">
      <Filter>Resource Files</Filter>
    </None>
    <None Include="res\disk (60%-small).png">
      <Filter>Resource Files</Filter>
    </None>
    <None Include="res\disk (70%-small).png">
      <Filter>Resource Files</Filter>
    </None>
    <None Include="res\disk (80%-small).png">
      <Filter>Resource Files</Filter>
    </None>
    <None Include="res\disk (90%-small).png">
      <Filter>Resource Files</Filter>
    </None>
    <None Include="res\disk (100%-small).png">
      <Filter>Resource Files</Filter>
    </None>
    <None Include="res\led (green-small).png">
      <Filter>Resource Files</Filter>
    </None>
    <None Include="res\led (red-small).png">
      <Filter>Resource Files</Filter>
    </None>
    <None Include="res\led (white-small).png">
      <Filter>Resource Files</Filter>
    </None>
    <None Include="res\led (yellow-small).png">
      <Filter>Resource Files</Filter>
    </None>
    <None Include="res\mainframe.mfcribbon-ms">
      <Filter>Resource Files</Filter>
    </None>
    <None Include="res\network (offline-small).png">
      <Filter>Resource Files</Filter>
    </None>
    <None Include="res\network (online-small).png">
      <Filter>Resource Files</Filter>
    </None>
    <None Include="Res\speech.cfg">
      <Filter>Resource Files</Filter>
    </None>
    <None Include="res\tc (blocked).png">
      <Filter>Resource Files</Filter>
    </None>
    <None Include="res\tc (cev failed).png">
      <Filter>Resource Files</Filter>
    </None>
    <None Include="res\tc (cev idle).png">
      <Filter>Resource Files</Filter>
    </None>
    <None Include="res\tc (cev passed).png">
      <Filter>Resource Files</Filter>
    </None>
    <None Include="res\tc (cev pending).png">
      <Filter>Resource Files</Filter>
    </None>
    <None Include="res\tc (cev unknown).png">
      <Filter>Resource Files</Filter>
    </None>
    <None Include="res\tc (cev unverified).png">
      <Filter>Resource Files</Filter>
    </None>
    <None Include="res\tc (checks disabled).png">
      <Filter>Resource Files</Filter>
    </None>
    <None Include="res\tc (checks off).png">
      <Filter>Resource Files</Filter>
    </None>
    <None Include="res\tc (checks on).png">
      <Filter>Resource Files</Filter>
    </None>
    <None Include="res\tc (error).png">
      <Filter>Resource Files</Filter>
    </None>
    <None Include="res\tc (grouped).png">
      <Filter>Resource Files</Filter>
    </None>
    <None Include="res\tc (information).png">
      <Filter>Resource Files</Filter>
    </None>
    <None Include="res\tc (lock failure).png">
      <Filter>Resource Files</Filter>
    </None>
    <None Include="res\tc (lock idle).png">
      <Filter>Resource Files</Filter>
    </None>
    <None Include="res\tc (lock pending).png">
      <Filter>Resource Files</Filter>
    </None>
    <None Include="res\tc (lock success).png">
      <Filter>Resource Files</Filter>
    </None>
    <None Include="res\tc (lock).png">
      <Filter>Resource Files</Filter>
    </None>
    <None Include="res\tc (no checks).png">
      <Filter>Resource Files</Filter>
    </None>
    <None Include="res\tc (pev go).png">
      <Filter>Resource Files</Filter>
    </None>
    <None Include="res\tc (pev nogo).png">
      <Filter>Resource Files</Filter>
    </None>
    <None Include="res\tc (ptv failed).png">
      <Filter>Resource Files</Filter>
    </None>
    <None Include="res\tc (ptv go).png">
      <Filter>Resource Files</Filter>
    </None>
    <None Include="res\tc (ptv wait).png">
      <Filter>Resource Files</Filter>
    </None>
    <None Include="res\tc (warning).png">
      <Filter>Resource Files</Filter>
    </None>
    <None Include="Help\SatView.hhc">
      <Filter>HTML Help Files</Filter>
    </None>
    <None Include="Help\SatView.hhk">
      <Filter>HTML Help Files</Filter>
    </None>
    <None Include="Help\resources\behaviors.js">
      <Filter>HTML Help Files\Resources</Filter>
    </None>
    <None Include="Help\resources\ie.css">
      <Filter>HTML Help Files\Resources</Filter>
    </None>
    <None Include="Help\resources\iefix.css">
      <Filter>HTML Help Files\Resources</Filter>
    </None>
    <None Include="Help\resources\styles.css">
      <Filter>HTML Help Files\Resources</Filter>
    </None>
    <None Include="Help\templates\Template.htm">
      <Filter>HTML Help Files\Templates</Filter>
    </None>
    <None Include="Help\SatView_Desktop_Help.htm">
      <Filter>HTML Help Topics</Filter>
    </None>
    <None Include="Help\SatView_Desktop_Help_Accounts.htm">
      <Filter>HTML Help Topics</Filter>
    </None>
    <None Include="Help\SatView_Desktop_Help_Addressbook_Servers.htm">
      <Filter>HTML Help Topics</Filter>
    </None>
    <None Include="Help\SatView_Desktop_Help_Addressbook_Servers_Dialog_Box.htm">
      <Filter>HTML Help Topics</Filter>
    </None>
    <None Include="Help\SatView_Desktop_Help_Addressbook_Users.htm">
      <Filter>HTML Help Topics</Filter>
    </None>
    <None Include="Help\SatView_Desktop_Help_Addressbook_Users_Dialog_Box.htm">
      <Filter>HTML Help Topics</Filter>
    </None>
    <None Include="Help\SatView_Desktop_Help_Addressbook_Users_Import_Dialog_Box.htm">
      <Filter>HTML Help Topics</Filter>
    </None>
    <None Include="Help\SatView_Desktop_Help_Addressbooks.htm">
      <Filter>HTML Help Topics</Filter>
    </None>
    <None Include="Help\SatView_Desktop_Help_Addresses_Users_Dialog_Box.htm">
      <Filter>HTML Help Topics</Filter>
    </None>
    <None Include="Help\SatView_Desktop_Help_AND.htm">
      <Filter>HTML Help Topics</Filter>
    </None>
    <None Include="Help\SatView_Desktop_Help_AND_Configuration_Dialog_Box.htm">
      <Filter>HTML Help Topics</Filter>
    </None>
    <None Include="Help\SatView_Desktop_Help_AND_Directory_Dialog_Box.htm">
      <Filter>HTML Help Topics</Filter>
    </None>
    <None Include="Help\SatView_Desktop_Help_AND_Export_Dialog_Box.htm">
      <Filter>HTML Help Topics</Filter>
    </None>
    <None Include="Help\SatView_Desktop_Help_AND_Find_Dialog_Box.htm">
      <Filter>HTML Help Topics</Filter>
    </None>
    <None Include="Help\SatView_Desktop_Help_AND_Import_Dialog_Box.htm">
      <Filter>HTML Help Topics</Filter>
    </None>
    <None Include="Help\SatView_Desktop_Help_AND_Linkages_Dialog_Box.htm">
      <Filter>HTML Help Topics</Filter>
    </None>
    <None Include="Help\SatView_Desktop_Help_AND_Open_Dialog_Box.htm">
      <Filter>HTML Help Topics</Filter>
    </None>
    <None Include="Help\SatView_Desktop_Help_AND_Retrieve_Dialog_Box.htm">
      <Filter>HTML Help Topics</Filter>
    </None>
    <None Include="Help\SatView_Desktop_Help_AND_View_Dialog_Box.htm">
      <Filter>HTML Help Topics</Filter>
    </None>
    <None Include="Help\SatView_Desktop_Help_Automation_Service.htm">
      <Filter>HTML Help Topics</Filter>
    </None>
    <None Include="Help\SatView_Desktop_Help_Automation_Service_Dialog_Box.htm">
      <Filter>HTML Help Topics</Filter>
    </None>
    <None Include="Help\SatView_Desktop_Help_Contacts.htm">
      <Filter>HTML Help Topics</Filter>
    </None>
    <None Include="Help\SatView_Desktop_Help_Display_Lock_Dialog_Box.htm">
      <Filter>HTML Help Topics</Filter>
    </None>
    <None Include="Help\SatView_Desktop_Help_Display_Pages_Dialog_Box.htm">
      <Filter>HTML Help Topics</Filter>
    </None>
    <None Include="Help\SatView_Desktop_Help_Display_Unlock_Dialog_Box.htm">
      <Filter>HTML Help Topics</Filter>
    </None>
    <None Include="Help\SatView_Desktop_Help_Display_Windows_Dialog_Box.htm">
      <Filter>HTML Help Topics</Filter>
    </None>
    <None Include="Help\SatView_Desktop_Help_Eventbox.htm">
      <Filter>HTML Help Topics</Filter>
    </None>
    <None Include="Help\SatView_Desktop_Help_Eventbox_Acknowledge_Event_Dialog_Box.htm">
      <Filter>HTML Help Topics</Filter>
    </None>
    <None Include="Help\SatView_Desktop_Help_Eventbox_Configuration_Dialog_Box.htm">
      <Filter>HTML Help Topics</Filter>
    </None>
    <None Include="Help\SatView_Desktop_Help_Eventbox_Filter_Event_Dialog_Box.htm">
      <Filter>HTML Help Topics</Filter>
    </None>
    <None Include="Help\SatView_Desktop_Help_Eventbox_Find_Event_Dialog_Box.htm">
      <Filter>HTML Help Topics</Filter>
    </None>
    <None Include="Help\SatView_Desktop_Help_Eventbox_Open_Dialog_Box.htm">
      <Filter>HTML Help Topics</Filter>
    </None>
    <None Include="Help\SatView_Desktop_Help_Eventbox_Retrieve_Dialog_Box.htm">
      <Filter>HTML Help Topics</Filter>
    </None>
    <None Include="Help\SatView_Desktop_Help_Eventbox_Schedule_Event_Dialog_Box.htm">
      <Filter>HTML Help Topics</Filter>
    </None>
    <None Include="Help\SatView_Desktop_Help_Eventbox_Schedule_Event_Info_Dialog_Box.htm">
      <Filter>HTML Help Topics</Filter>
    </None>
    <None Include="Help\SatView_Desktop_Help_Eventbox_View_Event_Dialog_Box.htm">
      <Filter>HTML Help Topics</Filter>
    </None>
    <None Include="Help\SatView_Desktop_Help_Eventbox_View_List_Dialog_Box.htm">
      <Filter>HTML Help Topics</Filter>
    </None>
    <None Include="Help\SatView_Desktop_Help_GRD.htm">
      <Filter>HTML Help Topics</Filter>
    </None>
    <None Include="Help\SatView_Desktop_Help_GRD_Configuration_Dialog_Box.htm">
      <Filter>HTML Help Topics</Filter>
    </None>
    <None Include="Help\SatView_Desktop_Help_GRD_Export_Dialog_Box.htm">
      <Filter>HTML Help Topics</Filter>
    </None>
    <None Include="Help\SatView_Desktop_Help_GRD_Find_Dialog_Box.htm">
      <Filter>HTML Help Topics</Filter>
    </None>
    <None Include="Help\SatView_Desktop_Help_GRD_Import_Dialog_Box.htm">
      <Filter>HTML Help Topics</Filter>
    </None>
    <None Include="Help\SatView_Desktop_Help_GRD_Linkages_Dialog_Box.htm">
      <Filter>HTML Help Topics</Filter>
    </None>
    <None Include="Help\SatView_Desktop_Help_GRD_Open_Dialog_Box.htm">
      <Filter>HTML Help Topics</Filter>
    </None>
    <None Include="Help\SatView_Desktop_Help_GRD_Retrieve_Dialog_Box.htm">
      <Filter>HTML Help Topics</Filter>
    </None>
    <None Include="Help\SatView_Desktop_Help_GRD_View_Dialog_Box.htm">
      <Filter>HTML Help Topics</Filter>
    </None>
    <None Include="Help\SatView_Desktop_Help_HEX.htm">
      <Filter>HTML Help Topics</Filter>
    </None>
    <None Include="Help\SatView_Desktop_Help_HEX_Configuration_Dialog_Box.htm">
      <Filter>HTML Help Topics</Filter>
    </None>
    <None Include="Help\SatView_Desktop_Help_HEX_Find_Dialog_Box.htm">
      <Filter>HTML Help Topics</Filter>
    </None>
    <None Include="Help\SatView_Desktop_Help_HEX_Open_Dialog_Box.htm">
      <Filter>HTML Help Topics</Filter>
    </None>
    <None Include="Help\SatView_Desktop_Help_HEX_Retrieve_Dialog_Box.htm">
      <Filter>HTML Help Topics</Filter>
    </None>
    <None Include="Help\SatView_Desktop_Help_Login.htm">
      <Filter>HTML Help Topics</Filter>
    </None>
    <None Include="Help\SatView_Desktop_Help_Login_Dialog_Box.htm">
      <Filter>HTML Help Topics</Filter>
    </None>
    <None Include="Help\SatView_Desktop_Help_Login_Options_Dialog_Box.htm">
      <Filter>HTML Help Topics</Filter>
    </None>
    <None Include="Help\SatView_Desktop_Help_Login_Schedule_Dialog_Box.htm">
      <Filter>HTML Help Topics</Filter>
    </None>
    <None Include="Help\SatView_Desktop_Help_MemoryDumps_Service.htm">
      <Filter>HTML Help Topics</Filter>
    </None>
    <None Include="Help\SatView_Desktop_Help_MemoryDumps_Service_Dialog_Box.htm">
      <Filter>HTML Help Topics</Filter>
    </None>
    <None Include="Help\SatView_Desktop_Help_MemoryDumps_Service_Export_Dialog_Box.htm">
      <Filter>HTML Help Topics</Filter>
    </None>
    <None Include="Help\SatView_Desktop_Help_MemoryDumps_Service_Import_Dialog_Box.htm">
      <Filter>HTML Help Topics</Filter>
    </None>
    <None Include="Help\SatView_Desktop_Help_MMD.htm">
      <Filter>HTML Help Topics</Filter>
    </None>
    <None Include="Help\SatView_Desktop_Help_MMD_Configuration_Dialog_Box.htm">
      <Filter>HTML Help Topics</Filter>
    </None>
    <None Include="Help\SatView_Desktop_Help_MMD_Find_Dialog_Box.htm">
      <Filter>HTML Help Topics</Filter>
    </None>
    <None Include="Help\SatView_Desktop_Help_MMD_Linkages_Dialog_Box.htm">
      <Filter>HTML Help Topics</Filter>
    </None>
    <None Include="Help\SatView_Desktop_Help_MMD_Open_Dialog_Box.htm">
      <Filter>HTML Help Topics</Filter>
    </None>
    <None Include="Help\SatView_Desktop_Help_MMD_Retrieve_Dialog_Box.htm">
      <Filter>HTML Help Topics</Filter>
    </None>
    <None Include="Help\SatView_Desktop_Help_New_Features.htm">
      <Filter>HTML Help Topics</Filter>
    </None>
    <None Include="Help\SatView_Desktop_Help_OOL.htm">
      <Filter>HTML Help Topics</Filter>
    </None>
    <None Include="Help\SatView_Desktop_Help_OOL_Acknowledge_Ool_Dialog_Box.htm">
      <Filter>HTML Help Topics</Filter>
    </None>
    <None Include="Help\SatView_Desktop_Help_OOL_Configuration_Dialog_Box.htm">
      <Filter>HTML Help Topics</Filter>
    </None>
    <None Include="Help\SatView_Desktop_Help_OOL_Find_Parameter_Dialog_Box.htm">
      <Filter>HTML Help Topics</Filter>
    </None>
    <None Include="Help\SatView_Desktop_Help_OOL_Linkages_Dialog_Box.htm">
      <Filter>HTML Help Topics</Filter>
    </None>
    <None Include="Help\SatView_Desktop_Help_OOL_Open_Dialog_Box.htm">
      <Filter>HTML Help Topics</Filter>
    </None>
    <None Include="Help\SatView_Desktop_Help_OOL_Retrieve_Dialog_Box.htm">
      <Filter>HTML Help Topics</Filter>
    </None>
    <None Include="Help\SatView_Desktop_Help_OOL_View_Ool_Dialog_Box.htm">
      <Filter>HTML Help Topics</Filter>
    </None>
    <None Include="Help\SatView_Desktop_Help_Papers.htm">
      <Filter>HTML Help Topics</Filter>
    </None>
    <None Include="Help\SatView_Desktop_Help_Papers_Automation.htm">
      <Filter>HTML Help Topics</Filter>
    </None>
    <None Include="Help\SatView_Desktop_Help_Papers_Automation_Scripts.htm">
      <Filter>HTML Help Topics</Filter>
    </None>
    <None Include="Help\SatView_Desktop_Help_Papers_Automation_Service.htm">
      <Filter>HTML Help Topics</Filter>
    </None>
    <None Include="Help\SatView_Desktop_Help_Papers_Databases.htm">
      <Filter>HTML Help Topics</Filter>
    </None>
    <None Include="Help\SatView_Desktop_Help_Papers_Databases_Syntax.htm">
      <Filter>HTML Help Topics</Filter>
    </None>
    <None Include="Help\SatView_Desktop_Help_Papers_Interfaces.htm">
      <Filter>HTML Help Topics</Filter>
    </None>
    <None Include="Help\SatView_Desktop_Help_Papers_Interfaces_Memorydumps.htm">
      <Filter>HTML Help Topics</Filter>
    </None>
    <None Include="Help\SatView_Desktop_Help_Papers_Interfaces_PFLP.htm">
      <Filter>HTML Help Topics</Filter>
    </None>
    <None Include="Help\SatView_Desktop_Help_Papers_Interfaces_TPEP.htm">
      <Filter>HTML Help Topics</Filter>
    </None>
    <None Include="Help\SatView_Desktop_Help_Papers_Languages.htm">
      <Filter>HTML Help Topics</Filter>
    </None>
    <None Include="Help\SatView_Desktop_Help_Papers_Languages_DPL.htm">
      <Filter>HTML Help Topics</Filter>
    </None>
    <None Include="Help\SatView_Desktop_Help_Papers_Languages_MDL.htm">
      <Filter>HTML Help Topics</Filter>
    </None>
    <None Include="Help\SatView_Desktop_Help_Papers_Languages_TPL.htm">
      <Filter>HTML Help Topics</Filter>
    </None>
    <None Include="Help\SatView_Desktop_Help_PFLP_Service.htm">
      <Filter>HTML Help Topics</Filter>
    </None>
    <None Include="Help\SatView_Desktop_Help_PFLP_Service_ClientAddresses_Dialog_Box.htm">
      <Filter>HTML Help Topics</Filter>
    </None>
    <None Include="Help\SatView_Desktop_Help_PFLP_Service_Clients_Dialog_Box.htm">
      <Filter>HTML Help Topics</Filter>
    </None>
    <None Include="Help\SatView_Desktop_Help_PFLP_Service_Dialog_Box.htm">
      <Filter>HTML Help Topics</Filter>
    </None>
    <None Include="Help\SatView_Desktop_Help_POD.htm">
      <Filter>HTML Help Topics</Filter>
    </None>
    <None Include="Help\SatView_Desktop_Help_POD_Configuration_Dialog_Box.htm">
      <Filter>HTML Help Topics</Filter>
    </None>
    <None Include="Help\SatView_Desktop_Help_POD_Export_Dialog_Box.htm">
      <Filter>HTML Help Topics</Filter>
    </None>
    <None Include="Help\SatView_Desktop_Help_POD_Find_Dialog_Box.htm">
      <Filter>HTML Help Topics</Filter>
    </None>
    <None Include="Help\SatView_Desktop_Help_POD_Import_Dialog_Box.htm">
      <Filter>HTML Help Topics</Filter>
    </None>
    <None Include="Help\SatView_Desktop_Help_POD_Linkages_Dialog_Box.htm">
      <Filter>HTML Help Topics</Filter>
    </None>
    <None Include="Help\SatView_Desktop_Help_POD_Open_Dialog_Box.htm">
      <Filter>HTML Help Topics</Filter>
    </None>
    <None Include="Help\SatView_Desktop_Help_POD_Retrieve_Dialog_Box.htm">
      <Filter>HTML Help Topics</Filter>
    </None>
    <None Include="Help\SatView_Desktop_Help_Settings.htm">
      <Filter>HTML Help Topics</Filter>
    </None>
    <None Include="Help\SatView_Desktop_Help_Settings_Auditions.htm">
      <Filter>HTML Help Topics</Filter>
    </None>
    <None Include="Help\SatView_Desktop_Help_Settings_Dialog_Box.htm">
      <Filter>HTML Help Topics</Filter>
    </None>
    <None Include="Help\SatView_Desktop_Help_Settings_Displayarea.htm">
      <Filter>HTML Help Topics</Filter>
    </None>
    <None Include="Help\SatView_Desktop_Help_Settings_Eventlogs.htm">
      <Filter>HTML Help Topics</Filter>
    </None>
    <None Include="Help\SatView_Desktop_Help_Settings_Miscellaneous.htm">
      <Filter>HTML Help Topics</Filter>
    </None>
    <None Include="Help\SatView_Desktop_Help_Settings_Notifications.htm">
      <Filter>HTML Help Topics</Filter>
    </None>
    <None Include="Help\SatView_Desktop_Help_Settings_Notifications_Abort_Dialog_Box.htm">
      <Filter>HTML Help Topics</Filter>
    </None>
    <None Include="Help\SatView_Desktop_Help_Settings_Notifications_EMail_Dialog_Box.htm">
      <Filter>HTML Help Topics</Filter>
    </None>
    <None Include="Help\SatView_Desktop_Help_Settings_Notifications_FAX_Dialog_Box.htm">
      <Filter>HTML Help Topics</Filter>
    </None>
    <None Include="Help\SatView_Desktop_Help_Settings_Notifications_FTPMessage_Dialog_Box.htm">
      <Filter>HTML Help Topics</Filter>
    </None>
    <None Include="Help\SatView_Desktop_Help_Settings_Notifications_PagerCall_Dialog_Box.htm">
      <Filter>HTML Help Topics</Filter>
    </None>
    <None Include="Help\SatView_Desktop_Help_Settings_Notifications_PhoneCall_Dialog_Box.htm">
      <Filter>HTML Help Topics</Filter>
    </None>
    <None Include="Help\SatView_Desktop_Help_Settings_Notifications_PrinterMessage_Dialog_Box.htm">
      <Filter>HTML Help Topics</Filter>
    </None>
    <None Include="Help\SatView_Desktop_Help_Settings_Printing.htm">
      <Filter>HTML Help Topics</Filter>
    </None>
    <None Include="Help\SatView_Desktop_Help_Statusbar_Panes.htm">
      <Filter>HTML Help Topics</Filter>
    </None>
    <None Include="Help\SatView_Desktop_Help_System_Alerts.htm">
      <Filter>HTML Help Topics</Filter>
    </None>
    <None Include="Help\SatView_Desktop_Help_System_Alerts_Dialog_Box.htm">
      <Filter>HTML Help Topics</Filter>
    </None>
    <None Include="Help\SatView_Desktop_Help_TCAutomaticStack.htm">
      <Filter>HTML Help Topics</Filter>
    </None>
    <None Include="Help\SatView_Desktop_Help_TCAutomaticStack_AlertOptions_Dialog_Box.htm">
      <Filter>HTML Help Topics</Filter>
    </None>
    <None Include="Help\SatView_Desktop_Help_TCAutomaticStack_ComposedItemProperties_Dialog_Box.htm">
      <Filter>HTML Help Topics</Filter>
    </None>
    <None Include="Help\SatView_Desktop_Help_TCAutomaticStack_ComposedItemPropertiesLoadTemplate_Dialog_Box.htm">
      <Filter>HTML Help Topics</Filter>
    </None>
    <None Include="Help\SatView_Desktop_Help_TCAutomaticStack_ComposedItemPropertiesSaveTemplate_Dialog_Box.htm">
      <Filter>HTML Help Topics</Filter>
    </None>
    <None Include="Help\SatView_Desktop_Help_TCAutomaticStack_Configuration_Dialog_Box.htm">
      <Filter>HTML Help Topics</Filter>
    </None>
    <None Include="Help\SatView_Desktop_Help_TCAutomaticStack_HistoricalComposedItemProperties_Dialog_Box.htm">
      <Filter>HTML Help Topics</Filter>
    </None>
    <None Include="Help\SatView_Desktop_Help_TCAutomaticStack_HistoricalItemProperties_Dialog_Box.htm">
      <Filter>HTML Help Topics</Filter>
    </None>
    <None Include="Help\SatView_Desktop_Help_TCAutomaticStack_Interlocks_Dialog_Box.htm">
      <Filter>HTML Help Topics</Filter>
    </None>
    <None Include="Help\SatView_Desktop_Help_TCAutomaticStack_ItemProperties_Dialog_Box.htm">
      <Filter>HTML Help Topics</Filter>
    </None>
    <None Include="Help\SatView_Desktop_Help_TCAutomaticStack_ItemPropertiesLoadTemplate_Dialog_Box.htm">
      <Filter>HTML Help Topics</Filter>
    </None>
    <None Include="Help\SatView_Desktop_Help_TCAutomaticStack_ItemPropertiesParameters_Dialog_Box.htm">
      <Filter>HTML Help Topics</Filter>
    </None>
    <None Include="Help\SatView_Desktop_Help_TCAutomaticStack_ItemPropertiesParameterSets_Dialog_Box.htm">
      <Filter>HTML Help Topics</Filter>
    </None>
    <None Include="Help\SatView_Desktop_Help_TCAutomaticStack_ItemPropertiesSaveTemplate_Dialog_Box.htm">
      <Filter>HTML Help Topics</Filter>
    </None>
    <None Include="Help\SatView_Desktop_Help_TCAutomaticStack_ItemReleaseBlockMacro_Dialog_Box.htm">
      <Filter>HTML Help Topics</Filter>
    </None>
    <None Include="Help\SatView_Desktop_Help_TCAutomaticStack_ItemReleaseConstraints_Dialog_Box.htm">
      <Filter>HTML Help Topics</Filter>
    </None>
    <None Include="Help\SatView_Desktop_Help_TCAutomaticStack_ItemReleaseInterlocks_Dialog_Box.htm">
      <Filter>HTML Help Topics</Filter>
    </None>
    <None Include="Help\SatView_Desktop_Help_TCAutomaticStack_LoadContents_Dialog_Box.htm">
      <Filter>HTML Help Topics</Filter>
    </None>
    <None Include="Help\SatView_Desktop_Help_TCAutomaticStack_LoggingOptions_Dialog_Box.htm">
      <Filter>HTML Help Topics</Filter>
    </None>
    <None Include="Help\SatView_Desktop_Help_TCAutomaticStack_RetrievalOptions_Dialog_Box.htm">
      <Filter>HTML Help Topics</Filter>
    </None>
    <None Include="Help\SatView_Desktop_Help_TCAutomaticStack_SaveContents_Dialog_Box.htm">
      <Filter>HTML Help Topics</Filter>
    </None>
    <None Include="Help\SatView_Desktop_Help_TCAutomaticStack_SearchFilter_Dialog_Box.htm">
      <Filter>HTML Help Topics</Filter>
    </None>
    <None Include="Help\SatView_Desktop_Help_TCAutomaticStack_SubSystems_Dialog_Box.htm">
      <Filter>HTML Help Topics</Filter>
    </None>
    <None Include="Help\SatView_Desktop_Help_TCAutomaticStack_UserPermissions_Dialog_Box.htm">
      <Filter>HTML Help Topics</Filter>
    </None>
    <None Include="Help\SatView_Desktop_Help_TCDiagnosticsOversamplingDump.htm">
      <Filter>HTML Help Topics</Filter>
    </None>
    <None Include="Help\SatView_Desktop_Help_TCDiagnosticsOversamplingDump_Configuration_Dialog_Box.htm">
      <Filter>HTML Help Topics</Filter>
    </None>
    <None Include="Help\SatView_Desktop_Help_TCDiagnosticsOversamplingDump_Open_Dialog_Box.htm">
      <Filter>HTML Help Topics</Filter>
    </None>
    <None Include="Help\SatView_Desktop_Help_TCDiagnosticsOversamplingDump_Properties_Dialog_Box.htm">
      <Filter>HTML Help Topics</Filter>
    </None>
    <None Include="Help\SatView_Desktop_Help_TCDiagnosticsOversamplingDump_Retrieve_Dialog_Box.htm">
      <Filter>HTML Help Topics</Filter>
    </None>
    <None Include="Help\SatView_Desktop_Help_TCDiagnosticsOversamplingDump_View_Dialog_Box.htm">
      <Filter>HTML Help Topics</Filter>
    </None>
    <None Include="Help\SatView_Desktop_Help_TCHistory.htm">
      <Filter>HTML Help Topics</Filter>
    </None>
    <None Include="Help\SatView_Desktop_Help_TCHistory_AlertOptions_Dialog_Box.htm">
      <Filter>HTML Help Topics</Filter>
    </None>
    <None Include="Help\SatView_Desktop_Help_TCHistory_ComposedItemProperties_Dialog_Box.htm">
      <Filter>HTML Help Topics</Filter>
    </None>
    <None Include="Help\SatView_Desktop_Help_TCHistory_Configuration_Dialog_Box.htm">
      <Filter>HTML Help Topics</Filter>
    </None>
    <None Include="Help\SatView_Desktop_Help_TCHistory_Find_Telecommand_Dialog_Box.htm">
      <Filter>HTML Help Topics</Filter>
    </None>
    <None Include="Help\SatView_Desktop_Help_TCHistory_ItemProperties_Dialog_Box.htm">
      <Filter>HTML Help Topics</Filter>
    </None>
    <None Include="Help\SatView_Desktop_Help_TCHistory_ItemPropertiesParameters_Dialog_Box.htm">
      <Filter>HTML Help Topics</Filter>
    </None>
    <None Include="Help\SatView_Desktop_Help_TCHistory_Open_Dialog_Box.htm">
      <Filter>HTML Help Topics</Filter>
    </None>
    <None Include="Help\SatView_Desktop_Help_TCHistory_Retrieve_Dialog_Box.htm">
      <Filter>HTML Help Topics</Filter>
    </None>
    <None Include="Help\SatView_Desktop_Help_TCManualStack.htm">
      <Filter>HTML Help Topics</Filter>
    </None>
    <None Include="Help\SatView_Desktop_Help_TCManualStack_AlertOptions_Dialog_Box.htm">
      <Filter>HTML Help Topics</Filter>
    </None>
    <None Include="Help\SatView_Desktop_Help_TCManualStack_ComposedItemProperties_Dialog_Box.htm">
      <Filter>HTML Help Topics</Filter>
    </None>
    <None Include="Help\SatView_Desktop_Help_TCManualStack_ComposedItemPropertiesLoadTemplate_Dialog_Box.htm">
      <Filter>HTML Help Topics</Filter>
    </None>
    <None Include="Help\SatView_Desktop_Help_TCManualStack_ComposedItemPropertiesSaveTemplate_Dialog_Box.htm">
      <Filter>HTML Help Topics</Filter>
    </None>
    <None Include="Help\SatView_Desktop_Help_TCManualStack_Configuration_Dialog_Box.htm">
      <Filter>HTML Help Topics</Filter>
    </None>
    <None Include="Help\SatView_Desktop_Help_TCManualStack_Interlocks_Dialog_Box.htm">
      <Filter>HTML Help Topics</Filter>
    </None>
    <None Include="Help\SatView_Desktop_Help_TCManualStack_ItemProperties_Dialog_Box.htm">
      <Filter>HTML Help Topics</Filter>
    </None>
    <None Include="Help\SatView_Desktop_Help_TCManualStack_ItemPropertiesLoadTemplate_Dialog_Box.htm">
      <Filter>HTML Help Topics</Filter>
    </None>
    <None Include="Help\SatView_Desktop_Help_TCManualStack_ItemPropertiesParameters_Dialog_Box.htm">
      <Filter>HTML Help Topics</Filter>
    </None>
    <None Include="Help\SatView_Desktop_Help_TCManualStack_ItemPropertiesParameterSets_Dialog_Box.htm">
      <Filter>HTML Help Topics</Filter>
    </None>
    <None Include="Help\SatView_Desktop_Help_TCManualStack_ItemPropertiesSaveTemplate_Dialog_Box.htm">
      <Filter>HTML Help Topics</Filter>
    </None>
    <None Include="Help\SatView_Desktop_Help_TCManualStack_ItemReleaseBlockMacro_Dialog_Box.htm">
      <Filter>HTML Help Topics</Filter>
    </None>
    <None Include="Help\SatView_Desktop_Help_TCManualStack_ItemReleaseConstraints_Dialog_Box.htm">
      <Filter>HTML Help Topics</Filter>
    </None>
    <None Include="Help\SatView_Desktop_Help_TCManualStack_ItemReleaseInterlocks_Dialog_Box.htm">
      <Filter>HTML Help Topics</Filter>
    </None>
    <None Include="Help\SatView_Desktop_Help_TCManualStack_LoadCommand_Dialog_Box.htm">
      <Filter>HTML Help Topics</Filter>
    </None>
    <None Include="Help\SatView_Desktop_Help_TCManualStack_LoadContents_Dialog_Box.htm">
      <Filter>HTML Help Topics</Filter>
    </None>
    <None Include="Help\SatView_Desktop_Help_TCManualStack_LoggingOptions_Dialog_Box.htm">
      <Filter>HTML Help Topics</Filter>
    </None>
    <None Include="Help\SatView_Desktop_Help_TCManualStack_RetrievalOptions_Dialog_Box.htm">
      <Filter>HTML Help Topics</Filter>
    </None>
    <None Include="Help\SatView_Desktop_Help_TCManualStack_SaveContents_Dialog_Box.htm">
      <Filter>HTML Help Topics</Filter>
    </None>
    <None Include="Help\SatView_Desktop_Help_TCManualStack_SearchFilter_Dialog_Box.htm">
      <Filter>HTML Help Topics</Filter>
    </None>
    <None Include="Help\SatView_Desktop_Help_TCManualStack_SearchGroups_Dialog_Box.htm">
      <Filter>HTML Help Topics</Filter>
    </None>
    <None Include="Help\SatView_Desktop_Help_TCOnBoardBufferQueues.htm">
      <Filter>HTML Help Topics</Filter>
    </None>
    <None Include="Help\SatView_Desktop_Help_TCOnBoardBufferQueues_ComposedItemProperties_Dialog_Box.htm">
      <Filter>HTML Help Topics</Filter>
    </None>
    <None Include="Help\SatView_Desktop_Help_TCOnBoardBufferQueues_Configuration_Dialog_Box.htm">
      <Filter>HTML Help Topics</Filter>
    </None>
    <None Include="Help\SatView_Desktop_Help_TCOnBoardBufferQueues_Dump_Dialog_Box.htm">
      <Filter>HTML Help Topics</Filter>
    </None>
    <None Include="Help\SatView_Desktop_Help_TCOnBoardBufferQueues_DumpProperties_Dialog_Box.htm">
      <Filter>HTML Help Topics</Filter>
    </None>
    <None Include="Help\SatView_Desktop_Help_TCOnBoardBufferQueues_Find_Telecommand_Dialog_Box.htm">
      <Filter>HTML Help Topics</Filter>
    </None>
    <None Include="Help\SatView_Desktop_Help_TCOnBoardBufferQueues_ItemProperties_Dialog_Box.htm">
      <Filter>HTML Help Topics</Filter>
    </None>
    <None Include="Help\SatView_Desktop_Help_TCOnBoardBufferQueues_ItemPropertiesParameters_Dialog_Box.htm">
      <Filter>HTML Help Topics</Filter>
    </None>
    <None Include="Help\SatView_Desktop_Help_TCOnBoardBufferQueues_Reset_Dialog_Box.htm">
      <Filter>HTML Help Topics</Filter>
    </None>
    <None Include="Help\SatView_Desktop_Help_TCOnBoardBufferQueues_ResetProperties_Dialog_Box.htm">
      <Filter>HTML Help Topics</Filter>
    </None>
    <None Include="Help\SatView_Desktop_Help_TCOnBoardBufferQueues_StartProperties_Dialog_Box.htm">
      <Filter>HTML Help Topics</Filter>
    </None>
    <None Include="Help\SatView_Desktop_Help_TCOnBoardBufferQueues_StopProperties_Dialog_Box.htm">
      <Filter>HTML Help Topics</Filter>
    </None>
    <None Include="Help\SatView_Desktop_Help_TCOnBoardMemoryImages.htm">
      <Filter>HTML Help Topics</Filter>
    </None>
    <None Include="Help\SatView_Desktop_Help_TCOnBoardMemoryImages_Configuration_Dialog_Box.htm">
      <Filter>HTML Help Topics</Filter>
    </None>
    <None Include="Help\SatView_Desktop_Help_TCOnBoardMemoryImages_DownloadAreasProperties_Dialog_Box.htm">
      <Filter>HTML Help Topics</Filter>
    </None>
    <None Include="Help\SatView_Desktop_Help_TCOnBoardMemoryImages_DownloadDumpsProperties_Dialog_Box.htm">
      <Filter>HTML Help Topics</Filter>
    </None>
    <None Include="Help\SatView_Desktop_Help_TCOnBoardMemoryImages_ExportDumps_Dialog_Box.htm">
      <Filter>HTML Help Topics</Filter>
    </None>
    <None Include="Help\SatView_Desktop_Help_TCOnBoardMemoryImages_ImportDumps_Dialog_Box.htm">
      <Filter>HTML Help Topics</Filter>
    </None>
    <None Include="Help\SatView_Desktop_Help_TCOnBoardMemoryImages_LoggingOptions_Dialog_Box.htm">
      <Filter>HTML Help Topics</Filter>
    </None>
    <None Include="Help\SatView_Desktop_Help_TCOnBoardMemoryImages_RetrievalOptions_Dialog_Box.htm">
      <Filter>HTML Help Topics</Filter>
    </None>
    <None Include="Help\SatView_Desktop_Help_TCOnBoardMemoryImages_StopDownloadsProperties_Dialog_Box.htm">
      <Filter>HTML Help Topics</Filter>
    </None>
    <None Include="Help\SatView_Desktop_Help_TCOnBoardMemoryImages_TableProperties_Dialog_Box.htm">
      <Filter>HTML Help Topics</Filter>
    </None>
    <None Include="Help\SatView_Desktop_Help_TCOnBoardMemoryImages_UploadAnalysisProperties_Dialog_Box.htm">
      <Filter>HTML Help Topics</Filter>
    </None>
    <None Include="Help\SatView_Desktop_Help_TCOnBoardMemoryImages_UploadAreasProperties_Dialog_Box.htm">
      <Filter>HTML Help Topics</Filter>
    </None>
    <None Include="Help\SatView_Desktop_Help_TCOnBoardMemoryImages_UploadDumpsProperties_Dialog_Box.htm">
      <Filter>HTML Help Topics</Filter>
    </None>
    <None Include="Help\SatView_Desktop_Help_TCProceduresMonitor.htm">
      <Filter>HTML Help Topics</Filter>
    </None>
    <None Include="Help\SatView_Desktop_Help_TCProceduresMonitor_Acknowledgments_Dialog_Box.htm">
      <Filter>HTML Help Topics</Filter>
    </None>
    <None Include="Help\SatView_Desktop_Help_TCProceduresMonitor_AlertOptions_Dialog_Box.htm">
      <Filter>HTML Help Topics</Filter>
    </None>
    <None Include="Help\SatView_Desktop_Help_TCProceduresMonitor_ArgumentValues_Dialog_Box.htm">
      <Filter>HTML Help Topics</Filter>
    </None>
    <None Include="Help\SatView_Desktop_Help_TCProceduresMonitor_Authorizations_Dialog_Box.htm">
      <Filter>HTML Help Topics</Filter>
    </None>
    <None Include="Help\SatView_Desktop_Help_TCProceduresMonitor_CommandInterlocks_Dialog_Box.htm">
      <Filter>HTML Help Topics</Filter>
    </None>
    <None Include="Help\SatView_Desktop_Help_TCProceduresMonitor_CommandOptions_Dialog_Box.htm">
      <Filter>HTML Help Topics</Filter>
    </None>
    <None Include="Help\SatView_Desktop_Help_TCProceduresMonitor_Configuration_Dialog_Box.htm">
      <Filter>HTML Help Topics</Filter>
    </None>
    <None Include="Help\SatView_Desktop_Help_TCProceduresMonitor_Details_Dialog_Box.htm">
      <Filter>HTML Help Topics</Filter>
    </None>
    <None Include="Help\SatView_Desktop_Help_TCProceduresMonitor_ExecutionOptions_Dialog_Box.htm">
      <Filter>HTML Help Topics</Filter>
    </None>
    <None Include="Help\SatView_Desktop_Help_TCProceduresMonitor_Interlocks_Dialog_Box.htm">
      <Filter>HTML Help Topics</Filter>
    </None>
    <None Include="Help\SatView_Desktop_Help_TCProceduresMonitor_LoggingOptions_Dialog_Box.htm">
      <Filter>HTML Help Topics</Filter>
    </None>
    <None Include="Help\SatView_Desktop_Help_TCProceduresMonitor_ParameterArguments_Dialog_Box.htm">
      <Filter>HTML Help Topics</Filter>
    </None>
    <None Include="Help\SatView_Desktop_Help_TCProceduresMonitor_RetrievalOptions_Dialog_Box.htm">
      <Filter>HTML Help Topics</Filter>
    </None>
    <None Include="Help\SatView_Desktop_Help_TCStack_Find_Command_Dialog_Box.htm">
      <Filter>HTML Help Topics</Filter>
    </None>
    <None Include="Help\SatView_Desktop_Help_Telecommand.htm">
      <Filter>HTML Help Topics</Filter>
    </None>
    <None Include="Help\SatView_Desktop_Help_Telecommand_Displays.htm">
      <Filter>HTML Help Topics</Filter>
    </None>
    <None Include="Help\SatView_Desktop_Help_Telecommand_Options_CommandHandlerClientAddresses_Dialog_Box.htm">
      <Filter>HTML Help Topics</Filter>
    </None>
    <None Include="Help\SatView_Desktop_Help_Telecommand_Options_CommandHandlerSettings_Dialog_Box.htm">
      <Filter>HTML Help Topics</Filter>
    </None>
    <None Include="Help\SatView_Desktop_Help_Telecommand_Options_Dialog_Box.htm">
      <Filter>HTML Help Topics</Filter>
    </None>
    <None Include="Help\SatView_Desktop_Help_Telecommand_Options_HistoryArchivalSettings_Dialog_Box.htm">
      <Filter>HTML Help Topics</Filter>
    </None>
    <None Include="Help\SatView_Desktop_Help_Telecommand_Options_Interlocks_Dialog_Box.htm">
      <Filter>HTML Help Topics</Filter>
    </None>
    <None Include="Help\SatView_Desktop_Help_Telecommand_Options_LoggingArchivalSettings_Dialog_Box.htm">
      <Filter>HTML Help Topics</Filter>
    </None>
    <None Include="Help\SatView_Desktop_Help_Telecommand_Options_LoggingRetrievalSettings_Dialog_Box.htm">
      <Filter>HTML Help Topics</Filter>
    </None>
    <None Include="Help\SatView_Desktop_Help_Telecommand_Options_SubSystems_Dialog_Box.htm">
      <Filter>HTML Help Topics</Filter>
    </None>
    <None Include="Help\SatView_Desktop_Help_Telecommand_Parameters.htm">
      <Filter>HTML Help Topics</Filter>
    </None>
    <None Include="Help\SatView_Desktop_Help_Telecommand_Parameters_Dialog_Box.htm">
      <Filter>HTML Help Topics</Filter>
    </None>
    <None Include="Help\SatView_Desktop_Help_Telecommand_Parameters_ExportSets_Dialog_Box.htm">
      <Filter>HTML Help Topics</Filter>
    </None>
    <None Include="Help\SatView_Desktop_Help_Telecommand_Parameters_ImportSets_Dialog_Box.htm">
      <Filter>HTML Help Topics</Filter>
    </None>
    <None Include="Help\SatView_Desktop_Help_Telecommand_Service.htm">
      <Filter>HTML Help Topics</Filter>
    </None>
    <None Include="Help\SatView_Desktop_Help_Telecommand_Service_Dialog_Box.htm">
      <Filter>HTML Help Topics</Filter>
    </None>
    <None Include="Help\SatView_Desktop_Help_Telemetry.htm">
      <Filter>HTML Help Topics</Filter>
    </None>
    <None Include="Help\SatView_Desktop_Help_Telemetry_Archives.htm">
      <Filter>HTML Help Topics</Filter>
    </None>
    <None Include="Help\SatView_Desktop_Help_Telemetry_Archives_Archivals_Options_Dialog_Box.htm">
      <Filter>HTML Help Topics</Filter>
    </None>
    <None Include="Help\SatView_Desktop_Help_Telemetry_Archives_Dialog_Box.htm">
      <Filter>HTML Help Topics</Filter>
    </None>
    <None Include="Help\SatView_Desktop_Help_Telemetry_Archives_Extractions_Abort_Dialog_Box.htm">
      <Filter>HTML Help Topics</Filter>
    </None>
    <None Include="Help\SatView_Desktop_Help_Telemetry_Archives_Extractions_Export_Dialog_Box.htm">
      <Filter>HTML Help Topics</Filter>
    </None>
    <None Include="Help\SatView_Desktop_Help_Telemetry_Archives_Extractions_Import_Dialog_Box.htm">
      <Filter>HTML Help Topics</Filter>
    </None>
    <None Include="Help\SatView_Desktop_Help_Telemetry_Archives_Tools.htm">
      <Filter>HTML Help Topics</Filter>
    </None>
    <None Include="Help\SatView_Desktop_Help_Telemetry_Archives_Tools_Options_Dialog_Box.htm">
      <Filter>HTML Help Topics</Filter>
    </None>
    <None Include="Help\SatView_Desktop_Help_Telemetry_Displays.htm">
      <Filter>HTML Help Topics</Filter>
    </None>
    <None Include="Help\SatView_Desktop_Help_Telemetry_Events.htm">
      <Filter>HTML Help Topics</Filter>
    </None>
    <None Include="Help\SatView_Desktop_Help_Telemetry_Events_Dialog_Box.htm">
      <Filter>HTML Help Topics</Filter>
    </None>
    <None Include="Help\SatView_Desktop_Help_Telemetry_Events_Export_Dialog_Box.htm">
      <Filter>HTML Help Topics</Filter>
    </None>
    <None Include="Help\SatView_Desktop_Help_Telemetry_Events_Import_Dialog_Box.htm">
      <Filter>HTML Help Topics</Filter>
    </None>
    <None Include="Help\SatView_Desktop_Help_Telemetry_Parameters.htm">
      <Filter>HTML Help Topics</Filter>
    </None>
    <None Include="Help\SatView_Desktop_Help_Telemetry_Parameters_Dialog_Box.htm">
      <Filter>HTML Help Topics</Filter>
    </None>
    <None Include="Help\SatView_Desktop_Help_Telemetry_Parameters_ExportSets_Dialog_Box.htm">
      <Filter>HTML Help Topics</Filter>
    </None>
    <None Include="Help\SatView_Desktop_Help_Telemetry_Parameters_ImportSets_Dialog_Box.htm">
      <Filter>HTML Help Topics</Filter>
    </None>
    <None Include="Help\SatView_Desktop_Help_Telemetry_Reports.htm">
      <Filter>HTML Help Topics</Filter>
    </None>
    <None Include="Help\SatView_Desktop_Help_Telemetry_Reports_Abort_Dialog_Box.htm">
      <Filter>HTML Help Topics</Filter>
    </None>
    <None Include="Help\SatView_Desktop_Help_Telemetry_Reports_Dialog_Box.htm">
      <Filter>HTML Help Topics</Filter>
    </None>
    <None Include="Help\SatView_Desktop_Help_Telemetry_Reports_Export_Dialog_Box.htm">
      <Filter>HTML Help Topics</Filter>
    </None>
    <None Include="Help\SatView_Desktop_Help_Telemetry_Reports_FileTriggers_Dialog_Box.htm">
      <Filter>HTML Help Topics</Filter>
    </None>
    <None Include="Help\SatView_Desktop_Help_Telemetry_Reports_FTP_Dialog_Box.htm">
      <Filter>HTML Help Topics</Filter>
    </None>
    <None Include="Help\SatView_Desktop_Help_Telemetry_Reports_Historical_Dialog_Box.htm">
      <Filter>HTML Help Topics</Filter>
    </None>
    <None Include="Help\SatView_Desktop_Help_Telemetry_Reports_Import_Dialog_Box.htm">
      <Filter>HTML Help Topics</Filter>
    </None>
    <None Include="Help\SatView_Desktop_Help_Telemetry_Reports_Schedule_Dialog_Box.htm">
      <Filter>HTML Help Topics</Filter>
    </None>
    <None Include="Help\SatView_Desktop_Help_Telemetry_Service.htm">
      <Filter>HTML Help Topics</Filter>
    </None>
    <None Include="Help\SatView_Desktop_Help_Telemetry_Service_Dialog_Box.htm">
      <Filter>HTML Help Topics</Filter>
    </None>
    <None Include="Help\SatView_Desktop_Help_Telemetry_Service_ENERTEC_Device_Clients_Dialog_Box.htm">
      <Filter>HTML Help Topics</Filter>
    </None>
    <None Include="Help\SatView_Desktop_Help_Telemetry_Service_ENERTEC_Device_Dialog_Box.htm">
      <Filter>HTML Help Topics</Filter>
    </None>
    <None Include="Help\SatView_Desktop_Help_Telemetry_Service_ENERTEC_Emulation_Device_Clients_Dialog_Box.htm">
      <Filter>HTML Help Topics</Filter>
    </None>
    <None Include="Help\SatView_Desktop_Help_Telemetry_Service_ENERTEC_Emulation_Device_Dialog_Box.htm">
      <Filter>HTML Help Topics</Filter>
    </None>
    <None Include="Help\SatView_Desktop_Help_Tools.htm">
      <Filter>HTML Help Topics</Filter>
    </None>
    <None Include="Help\SatView_Desktop_Help_Tools_Downloads.htm">
      <Filter>HTML Help Topics</Filter>
    </None>
    <None Include="Help\SatView_Desktop_Help_Tools_Downloads_Dialog_Box.htm">
      <Filter>HTML Help Topics</Filter>
    </None>
    <None Include="Help\SatView_Desktop_Help_Tools_Options.htm">
      <Filter>HTML Help Topics</Filter>
    </None>
    <None Include="Help\SatView_Desktop_Help_Tools_Options_Dialog_Box.htm">
      <Filter>HTML Help Topics</Filter>
    </None>
    <None Include="Help\SatView_Desktop_Help_TPEP_Display.htm">
      <Filter>HTML Help Topics</Filter>
    </None>
    <None Include="Help\SatView_Desktop_Help_TPEP_Display_Alerts_Dialog_Box.htm">
      <Filter>HTML Help Topics</Filter>
    </None>
    <None Include="Help\SatView_Desktop_Help_TPEP_Display_Configuration_Dialog_Box.htm">
      <Filter>HTML Help Topics</Filter>
    </None>
    <None Include="Help\SatView_Desktop_Help_TPEP_Display_Connection_Dialog_Box.htm">
      <Filter>HTML Help Topics</Filter>
    </None>
    <None Include="Help\SatView_Desktop_Help_TPEP_Display_Find_Dialog_Box.htm">
      <Filter>HTML Help Topics</Filter>
    </None>
    <None Include="Help\SatView_Desktop_Help_TPEP_Display_Open_Dialog_Box.htm">
      <Filter>HTML Help Topics</Filter>
    </None>
    <None Include="Help\SatView_Desktop_Help_TPEP_Display_View_Dialog_Box.htm">
      <Filter>HTML Help Topics</Filter>
    </None>
    <None Include="Help\SatView_Desktop_Help_TPEP_Service.htm">
      <Filter>HTML Help Topics</Filter>
    </None>
    <None Include="Help\SatView_Desktop_Help_TPEP_Service_ClientAddresses_Dialog_Box.htm">
      <Filter>HTML Help Topics</Filter>
    </None>
    <None Include="Help\SatView_Desktop_Help_TPEP_Service_Clients_Dialog_Box.htm">
      <Filter>HTML Help Topics</Filter>
    </None>
    <None Include="Help\SatView_Desktop_Help_TPEP_Service_Connect_Dialog_Box.htm">
      <Filter>HTML Help Topics</Filter>
    </None>
    <None Include="Help\SatView_Desktop_Help_TPEP_Service_Dialog_Box.htm">
      <Filter>HTML Help Topics</Filter>
    </None>
    <None Include="Help\SatView_Desktop_Help_TPEP_Service_Packets_Dialog_Box.htm">
      <Filter>HTML Help Topics</Filter>
    </None>
    <None Include="Help\SatView_Desktop_Help_TPEP_Service_Parameters_Dialog_Box.htm">
      <Filter>HTML Help Topics</Filter>
    </None>
    <None Include="Help\SatView_Desktop_Help_Troubleshooting.htm">
      <Filter>HTML Help Topics</Filter>
    </None>
    <None Include="Help\SatView_Desktop_Help_User_Account_Change_Dialog_Box.htm">
      <Filter>HTML Help Topics</Filter>
    </None>
    <None Include="Help\SatView_Desktop_Help_User_Account_Databases_Dialog_Box.htm">
      <Filter>HTML Help Topics</Filter>
    </None>
    <None Include="Help\SatView_Desktop_Help_User_Account_Directory_Dialog_Box.htm">
      <Filter>HTML Help Topics</Filter>
    </None>
    <None Include="Help\SatView_Desktop_Help_User_Accounts.htm">
      <Filter>HTML Help Topics</Filter>
    </None>
    <None Include="Help\SatView_Desktop_Help_User_Accounts_Dialog_Box.htm">
      <Filter>HTML Help Topics</Filter>
    </None>
    <None Include="Help\SatView_Desktop_Help_User_Interface.htm">
      <Filter>HTML Help Topics</Filter>
    </None>
    <None Include="Help\SatView_Desktop_Help_User_Interface_Dialog_Box.htm">
      <Filter>HTML Help Topics</Filter>
    </None>
    <None Include="Help\SatView_Desktop_Help_User_Interface_Keyboard.htm">
      <Filter>HTML Help Topics</Filter>
    </None>
    <None Include="Help\SatView_Desktop_Help_User_Interface_Ribbonbar.htm">
      <Filter>HTML Help Topics</Filter>
    </None>
    <None Include="Help\SatView_Desktop_Help_User_Privileges.htm">
      <Filter>HTML Help Topics</Filter>
    </None>
    <None Include="Help\SatView_Desktop_Help_User_Privileges_Dialog_Box.htm">
      <Filter>HTML Help Topics</Filter>
    </None>
    <None Include="Help\SatView_Desktop_Help_User_Privileges_Summary.htm">
      <Filter>HTML Help Topics</Filter>
    </None>
    <None Include="Help\SatView_Desktop_Help_Welcome_Dialog_Box.htm">
      <Filter>HTML Help Topics</Filter>
    </None>
    <None Include="Help\SatView_Help_Telemetry_Service_ENERTEC_Device_Clients_Dialog_Box.htm">
      <Filter>HTML Help Topics</Filter>
    </None>
    <None Include="Help\SatView_Help_Telemetry_Service_ENERTEC_Device_Dialog_Box.htm">
      <Filter>HTML Help Topics</Filter>
    </None>
    <None Include="Help\SatView_Help_Telemetry_Service_ENERTEC_Emulation_Device_Clients_Dialog_Box.htm">
      <Filter>HTML Help Topics</Filter>
    </None>
    <None Include="Help\SatView_Help_Telemetry_Service_ENERTEC_Emulation_Device_Dialog_Box.htm">
      <Filter>HTML Help Topics</Filter>
    </None>
    <None Include="SatView.rh">
      <Filter>Header Files</Filter>
    </None>
  </ItemGroup>
  <ItemGroup>
    <Image Include="Help\images\application.png">
      <Filter>HTML Help Files\Images</Filter>
    </Image>
    <Image Include="Help\images\automationscripts.png">
      <Filter>HTML Help Files\Images</Filter>
    </Image>
    <Image Include="Help\images\background.jpg">
      <Filter>HTML Help Files\Images</Filter>
    </Image>
    <Image Include="Help\images\bullet.png">
      <Filter>HTML Help Files\Images</Filter>
    </Image>
    <Image Include="Help\images\collapsebutton.png">
      <Filter>HTML Help Files\Images</Filter>
    </Image>
    <Image Include="Help\images\company.png">
      <Filter>HTML Help Files\Images</Filter>
    </Image>
    <Image Include="Help\images\company-location.png">
      <Filter>HTML Help Files\Images</Filter>
    </Image>
    <Image Include="Help\images\ENERTEC.jpg">
      <Filter>HTML Help Files\Images</Filter>
    </Image>
    <Image Include="Help\images\expandbutton.png">
      <Filter>HTML Help Files\Images</Filter>
    </Image>
    <Image Include="Help\images\formtables.png">
      <Filter>HTML Help Files\Images</Filter>
    </Image>
    <Image Include="Help\images\formview.png">
      <Filter>HTML Help Files\Images</Filter>
    </Image>
    <Image Include="Help\images\info.gif">
      <Filter>HTML Help Files\Images</Filter>
    </Image>
    <Image Include="Help\images\largescalemap.gif">
      <Filter>HTML Help Files\Images</Filter>
    </Image>
    <Image Include="Help\images\logo.png">
      <Filter>HTML Help Files\Images</Filter>
    </Image>
    <Image Include="Help\images\mmdinterface.png">
      <Filter>HTML Help Files\Images</Filter>
    </Image>
    <Image Include="Help\images\note.gif">
      <Filter>HTML Help Files\Images</Filter>
    </Image>
    <Image Include="Help\images\pflpmessages.jpg">
      <Filter>HTML Help Files\Images</Filter>
    </Image>
    <Image Include="Help\images\pflptimeformat.jpg">
      <Filter>HTML Help Files\Images</Filter>
    </Image>
    <Image Include="Help\images\SatView Automation Service Mechanism.jpg">
      <Filter>HTML Help Files\Images</Filter>
    </Image>
    <Image Include="Help\images\SatView Automation Service P2P Connection.jpg">
      <Filter>HTML Help Files\Images</Filter>
    </Image>
    <Image Include="Help\images\SatView Interfaces.png">
      <Filter>HTML Help Files\Images</Filter>
    </Image>
    <Image Include="Help\images\scriptinterface.png">
      <Filter>HTML Help Files\Images</Filter>
    </Image>
    <Image Include="Help\images\tcautomaticstack.png">
      <Filter>HTML Help Files\Images</Filter>
    </Image>
    <Image Include="Help\images\tchistory.png">
      <Filter>HTML Help Files\Images</Filter>
    </Image>
    <Image Include="Help\images\tcmanualstack.png">
      <Filter>HTML Help Files\Images</Filter>
    </Image>
    <Image Include="Help\images\tconboardbuffers.png">
      <Filter>HTML Help Files\Images</Filter>
    </Image>
    <Image Include="Help\images\tconboardimages.png">
      <Filter>HTML Help Files\Images</Filter>
    </Image>
    <Image Include="Help\images\tcoversamplingdump.png">
      <Filter>HTML Help Files\Images</Filter>
    </Image>
    <Image Include="Help\images\tcpinterface.png">
      <Filter>HTML Help Files\Images</Filter>
    </Image>
    <Image Include="Help\images\tcproceduresmonitor.png">
      <Filter>HTML Help Files\Images</Filter>
    </Image>
    <Image Include="Help\images\template.png">
      <Filter>HTML Help Files\Images</Filter>
    </Image>
    <Image Include="Help\images\templatebackground.png">
      <Filter>HTML Help Files\Images</Filter>
    </Image>
    <Image Include="Help\images\templatebottom.png">
      <Filter>HTML Help Files\Images</Filter>
    </Image>
    <Image Include="Help\images\tpepmessageheader.jpg">
      <Filter>HTML Help Files\Images</Filter>
    </Image>
    <Image Include="Help\images\tpepmessages.jpg">
      <Filter>HTML Help Files\Images</Filter>
    </Image>
    <Image Include="Help\images\warning.gif">
      <Filter>HTML Help Files\Images</Filter>
    </Image>
    <Image Include="res\information.ico">
      <Filter>Resource Files</Filter>
    </Image>
    <Image Include="res\warning.ico">
      <Filter>Resource Files</Filter>
    </Image>
    <Image Include="res\error.ico">
      <Filter>Resource Files</Filter>
    </Image>
    <Image Include="res\question.ico">
      <Filter>Resource Files</Filter>
    </Image>
    <Image Include="res\news.ico">
      <Filter>Resource Files</Filter>
    </Image>
  </ItemGroup>
  <ItemGroup>
    <CustomBuild Include="Help\SatView.hhp">
      <Filter>HTML Help Files</Filter>
    </CustomBuild>
  </ItemGroup>
</Project>