Microsoft Visual Studio Solution File, Format Version 12.00
# Visual Studio 14
VisualStudioVersion = 14.0.25123.0
MinimumVisualStudioVersion = 10.0.40219.1
Project("{8BC9CEB8-8B4A-11D0-8D11-00A0C91BC942}") = "Desktop", "Desktop\Desktop (GitHub).vcxproj", "{E7F6903E-391A-4167-AA3D-8859BD1FBA7A}"
	ProjectSection(ProjectDependencies) = postProject
		{D5E37114-B0EF-456E-B929-95A7EAF5233E} = {D5E37114-B0EF-456E-B929-95A7EAF5233E}
		{65C70D60-54F7-4A9E-B426-20C7EC5C5F82} = {65C70D60-54F7-4A9E-B426-20C7EC5C5F82}
		{82280BF0-69CB-4FB4-85D8-BA156B6DF553} = {82280BF0-69CB-4FB4-85D8-BA156B6DF553}
	EndProjectSection
EndProject
Project("{8BC9CEB8-8B4A-11D0-8D11-00A0C91BC942}") = "ENERTEC", "Drivers\ENERTEC\ENERTEC (GitHub).vcxproj", "{82280BF0-69CB-4FB4-85D8-BA156B6DF553}"
	ProjectSection(ProjectDependencies) = postProject
		{65C70D60-54F7-4A9E-B426-20C7EC5C5F82} = {65C70D60-54F7-4A9E-B426-20C7EC5C5F82}
	EndProjectSection
EndProject
Project("{8BC9CEB8-8B4A-11D0-8D11-00A0C91BC942}") = "Editor", "Editor\Editor (GitHub).vcxproj", "{148B9B2F-E304-4B12-9139-695B7310BEB1}"
	ProjectSection(ProjectDependencies) = postProject
		{65C70D60-54F7-4A9E-B426-20C7EC5C5F82} = {65C70D60-54F7-4A9E-B426-20C7EC5C5F82}
	EndProjectSection
EndProject
Project("{8BC9CEB8-8B4A-11D0-8D11-00A0C91BC942}") = "Satellite (SCOS-2000)", "Satellite_SCOS-2000\Satellite (SCOS-2000).vcxproj", "{0F8E4844-4081-471B-9981-DDE525E21823}"
	ProjectSection(ProjectDependencies) = postProject
		{65C70D60-54F7-4A9E-B426-20C7EC5C5F82} = {65C70D60-54F7-4A9E-B426-20C7EC5C5F82}
		{5D4A50D6-2ADB-4E49-AC2D-852A079F9063} = {5D4A50D6-2ADB-4E49-AC2D-852A079F9063}
	EndProjectSection
EndProject
Project("{8BC9CEB8-8B4A-11D0-8D11-00A0C91BC942}") = "Library", "Library\Library (GitHub).vcxproj", "{65C70D60-54F7-4A9E-B426-20C7EC5C5F82}"
EndProject
Project("{8BC9CEB8-8B4A-11D0-8D11-00A0C91BC942}") = "Mimics", "Mimics\Mimics (GitHub).vcxproj", "{A6738FFB-9C16-BDBB-9CE1-D78393CA3E37}"
EndProject
Project("{8BC9CEB8-8B4A-11D0-8D11-00A0C91BC942}") = "SCOS-2000", "SCOS-2000\SCOS-2000 (GitHub).vcxproj", "{5D4A50D6-2ADB-4E49-AC2D-852A079F9063}"
	ProjectSection(ProjectDependencies) = postProject
		{65C70D60-54F7-4A9E-B426-20C7EC5C5F82} = {65C70D60-54F7-4A9E-B426-20C7EC5C5F82}
	EndProjectSection
EndProject
Project("{8BC9CEB8-8B4A-11D0-8D11-00A0C91BC942}") = "Scripts", "Scripts\Scripts (GitHub).vcxproj", "{D5E37114-B0EF-456E-B929-95A7EAF5233E}"
	ProjectSection(ProjectDependencies) = postProject
		{65C70D60-54F7-4A9E-B426-20C7EC5C5F82} = {65C70D60-54F7-4A9E-B426-20C7EC5C5F82}
	EndProjectSection
EndProject
Project("{8BC9CEB8-8B4A-11D0-8D11-00A0C91BC942}") = "Simulator", "Simulator\Simulator (GitHub).vcxproj", "{26B0EFAD-F18F-4B37-A0E8-5EAA3E384B2A}"
	ProjectSection(ProjectDependencies) = postProject
		{65C70D60-54F7-4A9E-B426-20C7EC5C5F82} = {65C70D60-54F7-4A9E-B426-20C7EC5C5F82}
	EndProjectSection
EndProject
Project("{8BC9CEB8-8B4A-11D0-8D11-00A0C91BC942}") = "ALTEL", "ALTEL\ALTEL.vcxproj", "{DE8A92B9-8E84-49F4-888B-DD6F943AC2AC}"
	ProjectSection(ProjectDependencies) = postProject
		{65C70D60-54F7-4A9E-B426-20C7EC5C5F82} = {65C70D60-54F7-4A9E-B426-20C7EC5C5F82}
	EndProjectSection
EndProject
Project("{8BC9CEB8-8B4A-11D0-8D11-00A0C91BC942}") = "Satellite (ALTEL)", "Satellite_ALTEL\Satellite (ALTEL).vcxproj", "{2F308187-D52F-4FAE-B598-4A3B8D500E2B}"
	ProjectSection(ProjectDependencies) = postProject
		{65C70D60-54F7-4A9E-B426-20C7EC5C5F82} = {65C70D60-54F7-4A9E-B426-20C7EC5C5F82}
		{DE8A92B9-8E84-49F4-888B-DD6F943AC2AC} = {DE8A92B9-8E84-49F4-888B-DD6F943AC2AC}
	EndProjectSection
EndProject
Global
	GlobalSection(SolutionConfigurationPlatforms) = preSolution
		Debug|Win32 = Debug|Win32
		Debug|x64 = Debug|x64
		Release|Win32 = Release|Win32
		Release|x64 = Release|x64
		Template|Win32 = Template|Win32
		Template|x64 = Template|x64
	EndGlobalSection
	GlobalSection(ProjectConfigurationPlatforms) = postSolution
		{E7F6903E-391A-4167-AA3D-8859BD1FBA7A}.Debug|Win32.ActiveCfg = Debug|Win32
		{E7F6903E-391A-4167-AA3D-8859BD1FBA7A}.Debug|Win32.Build.0 = Debug|Win32
		{E7F6903E-391A-4167-AA3D-8859BD1FBA7A}.Debug|x64.ActiveCfg = Debug|x64
		{E7F6903E-391A-4167-AA3D-8859BD1FBA7A}.Debug|x64.Build.0 = Debug|x64
		{E7F6903E-391A-4167-AA3D-8859BD1FBA7A}.Release|Win32.ActiveCfg = Release|Win32
		{E7F6903E-391A-4167-AA3D-8859BD1FBA7A}.Release|Win32.Build.0 = Release|Win32
		{E7F6903E-391A-4167-AA3D-8859BD1FBA7A}.Release|x64.ActiveCfg = Release|x64
		{E7F6903E-391A-4167-AA3D-8859BD1FBA7A}.Release|x64.Build.0 = Release|x64
		{E7F6903E-391A-4167-AA3D-8859BD1FBA7A}.Template|Win32.ActiveCfg = Template|Win32
		{E7F6903E-391A-4167-AA3D-8859BD1FBA7A}.Template|Win32.Build.0 = Template|Win32
		{E7F6903E-391A-4167-AA3D-8859BD1FBA7A}.Template|x64.ActiveCfg = Template|x64
		{E7F6903E-391A-4167-AA3D-8859BD1FBA7A}.Template|x64.Build.0 = Template|x64
		{82280BF0-69CB-4FB4-85D8-BA156B6DF553}.Debug|Win32.ActiveCfg = Debug|Win32
		{82280BF0-69CB-4FB4-85D8-BA156B6DF553}.Debug|Win32.Build.0 = Debug|Win32
		{82280BF0-69CB-4FB4-85D8-BA156B6DF553}.Debug|x64.ActiveCfg = Debug|x64
		{82280BF0-69CB-4FB4-85D8-BA156B6DF553}.Debug|x64.Build.0 = Debug|x64
		{82280BF0-69CB-4FB4-85D8-BA156B6DF553}.Release|Win32.ActiveCfg = Release|Win32
		{82280BF0-69CB-4FB4-85D8-BA156B6DF553}.Release|Win32.Build.0 = Release|Win32
		{82280BF0-69CB-4FB4-85D8-BA156B6DF553}.Release|x64.ActiveCfg = Release|x64
		{82280BF0-69CB-4FB4-85D8-BA156B6DF553}.Release|x64.Build.0 = Release|x64
		{82280BF0-69CB-4FB4-85D8-BA156B6DF553}.Template|Win32.ActiveCfg = Release|x64
		{82280BF0-69CB-4FB4-85D8-BA156B6DF553}.Template|x64.ActiveCfg = Release|x64
		{82280BF0-69CB-4FB4-85D8-BA156B6DF553}.Template|x64.Build.0 = Release|x64
		{148B9B2F-E304-4B12-9139-695B7310BEB1}.Debug|Win32.ActiveCfg = Debug|Win32
		{148B9B2F-E304-4B12-9139-695B7310BEB1}.Debug|Win32.Build.0 = Debug|Win32
		{148B9B2F-E304-4B12-9139-695B7310BEB1}.Debug|x64.ActiveCfg = Debug|x64
		{148B9B2F-E304-4B12-9139-695B7310BEB1}.Debug|x64.Build.0 = Debug|x64
		{148B9B2F-E304-4B12-9139-695B7310BEB1}.Release|Win32.ActiveCfg = Release|Win32
		{148B9B2F-E304-4B12-9139-695B7310BEB1}.Release|Win32.Build.0 = Release|Win32
		{148B9B2F-E304-4B12-9139-695B7310BEB1}.Release|x64.ActiveCfg = Release|x64
		{148B9B2F-E304-4B12-9139-695B7310BEB1}.Release|x64.Build.0 = Release|x64
		{148B9B2F-E304-4B12-9139-695B7310BEB1}.Template|Win32.ActiveCfg = Template|Win32
		{148B9B2F-E304-4B12-9139-695B7310BEB1}.Template|Win32.Build.0 = Template|Win32
		{148B9B2F-E304-4B12-9139-695B7310BEB1}.Template|x64.ActiveCfg = Template|x64
		{148B9B2F-E304-4B12-9139-695B7310BEB1}.Template|x64.Build.0 = Template|x64
		{0F8E4844-4081-471B-9981-DDE525E21823}.Debug|Win32.ActiveCfg = Debug|Win32
		{0F8E4844-4081-471B-9981-DDE525E21823}.Debug|Win32.Build.0 = Debug|Win32
		{0F8E4844-4081-471B-9981-DDE525E21823}.Debug|x64.ActiveCfg = Debug|x64
		{0F8E4844-4081-471B-9981-DDE525E21823}.Debug|x64.Build.0 = Debug|x64
		{0F8E4844-4081-471B-9981-DDE525E21823}.Release|Win32.ActiveCfg = Release|Win32
		{0F8E4844-4081-471B-9981-DDE525E21823}.Release|Win32.Build.0 = Release|Win32
		{0F8E4844-4081-471B-9981-DDE525E21823}.Release|x64.ActiveCfg = Release|x64
		{0F8E4844-4081-471B-9981-DDE525E21823}.Release|x64.Build.0 = Release|x64
		{0F8E4844-4081-471B-9981-DDE525E21823}.Template|Win32.ActiveCfg = Release|x64
		{0F8E4844-4081-471B-9981-DDE525E21823}.Template|x64.ActiveCfg = Release|x64
		{0F8E4844-4081-471B-9981-DDE525E21823}.Template|x64.Build.0 = Release|x64
		{65C70D60-54F7-4A9E-B426-20C7EC5C5F82}.Debug|Win32.ActiveCfg = Debug|Win32
		{65C70D60-54F7-4A9E-B426-20C7EC5C5F82}.Debug|Win32.Build.0 = Debug|Win32
		{65C70D60-54F7-4A9E-B426-20C7EC5C5F82}.Debug|x64.ActiveCfg = Debug|x64
		{65C70D60-54F7-4A9E-B426-20C7EC5C5F82}.Debug|x64.Build.0 = Debug|x64
		{65C70D60-54F7-4A9E-B426-20C7EC5C5F82}.Release|Win32.ActiveCfg = Release|Win32
		{65C70D60-54F7-4A9E-B426-20C7EC5C5F82}.Release|Win32.Build.0 = Release|Win32
		{65C70D60-54F7-4A9E-B426-20C7EC5C5F82}.Release|x64.ActiveCfg = Release|x64
		{65C70D60-54F7-4A9E-B426-20C7EC5C5F82}.Release|x64.Build.0 = Release|x64
		{65C70D60-54F7-4A9E-B426-20C7EC5C5F82}.Template|Win32.ActiveCfg = Template|Win32
		{65C70D60-54F7-4A9E-B426-20C7EC5C5F82}.Template|Win32.Build.0 = Template|Win32
		{65C70D60-54F7-4A9E-B426-20C7EC5C5F82}.Template|x64.ActiveCfg = Template|x64
		{65C70D60-54F7-4A9E-B426-20C7EC5C5F82}.Template|x64.Build.0 = Template|x64
		{A6738FFB-9C16-BDBB-9CE1-D78393CA3E37}.Debug|Win32.ActiveCfg = Debug|Win32
		{A6738FFB-9C16-BDBB-9CE1-D78393CA3E37}.Debug|Win32.Build.0 = Debug|Win32
		{A6738FFB-9C16-BDBB-9CE1-D78393CA3E37}.Debug|x64.ActiveCfg = Debug|x64
		{A6738FFB-9C16-BDBB-9CE1-D78393CA3E37}.Debug|x64.Build.0 = Debug|x64
		{A6738FFB-9C16-BDBB-9CE1-D78393CA3E37}.Release|Win32.ActiveCfg = Release|Win32
		{A6738FFB-9C16-BDBB-9CE1-D78393CA3E37}.Release|Win32.Build.0 = Release|Win32
		{A6738FFB-9C16-BDBB-9CE1-D78393CA3E37}.Release|x64.ActiveCfg = Release|x64
		{A6738FFB-9C16-BDBB-9CE1-D78393CA3E37}.Release|x64.Build.0 = Release|x64
		{A6738FFB-9C16-BDBB-9CE1-D78393CA3E37}.Template|Win32.ActiveCfg = Release|x64
		{A6738FFB-9C16-BDBB-9CE1-D78393CA3E37}.Template|x64.ActiveCfg = Release|x64
		{A6738FFB-9C16-BDBB-9CE1-D78393CA3E37}.Template|x64.Build.0 = Release|x64
		{5D4A50D6-2ADB-4E49-AC2D-852A079F9063}.Debug|Win32.ActiveCfg = Debug|Win32
		{5D4A50D6-2ADB-4E49-AC2D-852A079F9063}.Debug|Win32.Build.0 = Debug|Win32
		{5D4A50D6-2ADB-4E49-AC2D-852A079F9063}.Debug|x64.ActiveCfg = Debug|x64
		{5D4A50D6-2ADB-4E49-AC2D-852A079F9063}.Debug|x64.Build.0 = Debug|x64
		{5D4A50D6-2ADB-4E49-AC2D-852A079F9063}.Release|Win32.ActiveCfg = Release|Win32
		{5D4A50D6-2ADB-4E49-AC2D-852A079F9063}.Release|Win32.Build.0 = Release|Win32
		{5D4A50D6-2ADB-4E49-AC2D-852A079F9063}.Release|x64.ActiveCfg = Release|x64
		{5D4A50D6-2ADB-4E49-AC2D-852A079F9063}.Release|x64.Build.0 = Release|x64
		{5D4A50D6-2ADB-4E49-AC2D-852A079F9063}.Template|Win32.ActiveCfg = Release|x64
		{5D4A50D6-2ADB-4E49-AC2D-852A079F9063}.Template|x64.ActiveCfg = Release|x64
		{5D4A50D6-2ADB-4E49-AC2D-852A079F9063}.Template|x64.Build.0 = Release|x64
		{D5E37114-B0EF-456E-B929-95A7EAF5233E}.Debug|Win32.ActiveCfg = Debug|Win32
		{D5E37114-B0EF-456E-B929-95A7EAF5233E}.Debug|Win32.Build.0 = Debug|Win32
		{D5E37114-B0EF-456E-B929-95A7EAF5233E}.Debug|x64.ActiveCfg = Debug|x64
		{D5E37114-B0EF-456E-B929-95A7EAF5233E}.Debug|x64.Build.0 = Debug|x64
		{D5E37114-B0EF-456E-B929-95A7EAF5233E}.Release|Win32.ActiveCfg = Release|Win32
		{D5E37114-B0EF-456E-B929-95A7EAF5233E}.Release|Win32.Build.0 = Release|Win32
		{D5E37114-B0EF-456E-B929-95A7EAF5233E}.Release|x64.ActiveCfg = Release|x64
		{D5E37114-B0EF-456E-B929-95A7EAF5233E}.Release|x64.Build.0 = Release|x64
		{D5E37114-B0EF-456E-B929-95A7EAF5233E}.Template|Win32.ActiveCfg = Release|x64
		{D5E37114-B0EF-456E-B929-95A7EAF5233E}.Template|x64.ActiveCfg = Release|x64
		{D5E37114-B0EF-456E-B929-95A7EAF5233E}.Template|x64.Build.0 = Release|x64
		{26B0EFAD-F18F-4B37-A0E8-5EAA3E384B2A}.Debug|Win32.ActiveCfg = Debug|Win32
		{26B0EFAD-F18F-4B37-A0E8-5EAA3E384B2A}.Debug|Win32.Build.0 = Debug|Win32
		{26B0EFAD-F18F-4B37-A0E8-5EAA3E384B2A}.Debug|x64.ActiveCfg = Debug|x64
		{26B0EFAD-F18F-4B37-A0E8-5EAA3E384B2A}.Debug|x64.Build.0 = Debug|x64
		{26B0EFAD-F18F-4B37-A0E8-5EAA3E384B2A}.Release|Win32.ActiveCfg = Release|Win32
		{26B0EFAD-F18F-4B37-A0E8-5EAA3E384B2A}.Release|Win32.Build.0 = Release|Win32
		{26B0EFAD-F18F-4B37-A0E8-5EAA3E384B2A}.Release|x64.ActiveCfg = Release|x64
		{26B0EFAD-F18F-4B37-A0E8-5EAA3E384B2A}.Release|x64.Build.0 = Release|x64
		{26B0EFAD-F18F-4B37-A0E8-5EAA3E384B2A}.Template|Win32.ActiveCfg = Template|Win32
		{26B0EFAD-F18F-4B37-A0E8-5EAA3E384B2A}.Template|Win32.Build.0 = Template|Win32
		{26B0EFAD-F18F-4B37-A0E8-5EAA3E384B2A}.Template|x64.ActiveCfg = Template|x64
		{26B0EFAD-F18F-4B37-A0E8-5EAA3E384B2A}.Template|x64.Build.0 = Template|x64
		{DE8A92B9-8E84-49F4-888B-DD6F943AC2AC}.Debug|Win32.ActiveCfg = Debug|Win32
		{DE8A92B9-8E84-49F4-888B-DD6F943AC2AC}.Debug|Win32.Build.0 = Debug|Win32
		{DE8A92B9-8E84-49F4-888B-DD6F943AC2AC}.Debug|x64.ActiveCfg = Debug|x64
		{DE8A92B9-8E84-49F4-888B-DD6F943AC2AC}.Debug|x64.Build.0 = Debug|x64
		{DE8A92B9-8E84-49F4-888B-DD6F943AC2AC}.Release|Win32.ActiveCfg = Release|Win32
		{DE8A92B9-8E84-49F4-888B-DD6F943AC2AC}.Release|Win32.Build.0 = Release|Win32
		{DE8A92B9-8E84-49F4-888B-DD6F943AC2AC}.Release|x64.ActiveCfg = Release|x64
		{DE8A92B9-8E84-49F4-888B-DD6F943AC2AC}.Release|x64.Build.0 = Release|x64
		{DE8A92B9-8E84-49F4-888B-DD6F943AC2AC}.Template|Win32.ActiveCfg = Release|Win32
		{DE8A92B9-8E84-49F4-888B-DD6F943AC2AC}.Template|Win32.Build.0 = Release|Win32
		{DE8A92B9-8E84-49F4-888B-DD6F943AC2AC}.Template|x64.ActiveCfg = Release|x64
		{DE8A92B9-8E84-49F4-888B-DD6F943AC2AC}.Template|x64.Build.0 = Release|x64
		{2F308187-D52F-4FAE-B598-4A3B8D500E2B}.Debug|Win32.ActiveCfg = Debug|Win32
		{2F308187-D52F-4FAE-B598-4A3B8D500E2B}.Debug|Win32.Build.0 = Debug|Win32
		{2F308187-D52F-4FAE-B598-4A3B8D500E2B}.Debug|x64.ActiveCfg = Debug|x64
		{2F308187-D52F-4FAE-B598-4A3B8D500E2B}.Debug|x64.Build.0 = Debug|x64
		{2F308187-D52F-4FAE-B598-4A3B8D500E2B}.Release|Win32.ActiveCfg = Release|Win32
		{2F308187-D52F-4FAE-B598-4A3B8D500E2B}.Release|Win32.Build.0 = Release|Win32
		{2F308187-D52F-4FAE-B598-4A3B8D500E2B}.Release|x64.ActiveCfg = Release|x64
		{2F308187-D52F-4FAE-B598-4A3B8D500E2B}.Release|x64.Build.0 = Release|x64
		{2F308187-D52F-4FAE-B598-4A3B8D500E2B}.Template|Win32.ActiveCfg = Release|Win32
		{2F308187-D52F-4FAE-B598-4A3B8D500E2B}.Template|Win32.Build.0 = Release|Win32
		{2F308187-D52F-4FAE-B598-4A3B8D500E2B}.Template|x64.ActiveCfg = Release|x64
		{2F308187-D52F-4FAE-B598-4A3B8D500E2B}.Template|x64.Build.0 = Release|x64
	EndGlobalSection
	GlobalSection(SolutionProperties) = preSolution
		HideSolutionNode = FALSE
	EndGlobalSection
	GlobalSection(ExtensibilityGlobals) = postSolution
		DPBuild = 5
	EndGlobalSection
EndGlobal
